
Microsoft Visual Studio Solution File, Format Version 12.00
# Visual Studio Version 17
VisualStudioVersion = 17.0.32002.185
MinimumVisualStudioVersion = 10.0.40219.1
Project("{9A19103F-16F7-4668-BE54-9A1E7A4F7556}") = "Masticore", "Masticore\Masticore.csproj", "{38D964CD-5543-4A9D-9854-1384086D0DE6}"
EndProject
Project("{9A19103F-16F7-4668-BE54-9A1E7A4F7556}") = "Masticore.Storage", "Masticore.Storage\Masticore.Storage.csproj", "{356FE0AB-5FC3-4BBA-97C4-ACD250FF443F}"
EndProject
Project("{9A19103F-16F7-4668-BE54-9A1E7A4F7556}") = "Masticore.Storage.Tests", "Masticore.Storage.Tests\Masticore.Storage.Tests.csproj", "{619781F9-FC31-4EF2-A6D7-FCB8B8B64E96}"
EndProject
Project("{9A19103F-16F7-4668-BE54-9A1E7A4F7556}") = "Masticore.Entity", "Masticore.Entity\Masticore.Entity.csproj", "{7AB38D4D-DB64-4E8D-9B4F-701FF1DC7EEE}"
EndProject
Project("{9A19103F-16F7-4668-BE54-9A1E7A4F7556}") = "Masticore.Entity.Tests", "Masticore.Entity.Tests\Masticore.Entity.Tests.csproj", "{F0E39AC1-9D72-4C16-80B1-CBF6C3DCF133}"
EndProject
Project("{9A19103F-16F7-4668-BE54-9A1E7A4F7556}") = "Masticore.Tests", "Masticore.Tests\Masticore.Tests.csproj", "{85B0DF8B-020C-42F0-A1C6-9FD09020B1F9}"
EndProject
Project("{9A19103F-16F7-4668-BE54-9A1E7A4F7556}") = "Masticore.Mail", "Masticore.Mail\Masticore.Mail.csproj", "{F6DF4886-31B0-4524-89DD-CDFACBCCCA9E}"
EndProject
Project("{9A19103F-16F7-4668-BE54-9A1E7A4F7556}") = "Masticore.Services", "Masticore.Services\Masticore.Services.csproj", "{31DE9A68-510E-4147-9F02-0CD0A71A00AF}"
EndProject
Project("{9A19103F-16F7-4668-BE54-9A1E7A4F7556}") = "Masticore.Services.Tests", "Masticore.Services.Tests\Masticore.Services.Tests.csproj", "{433DAD65-CCEF-4A66-9E63-FBA1F1CE597B}"
EndProject
Project("{9A19103F-16F7-4668-BE54-9A1E7A4F7556}") = "Masticore.Ad", "Masticore.Ad\Masticore.Ad.csproj", "{46E77018-00D9-4980-A790-8D62F1B516DA}"
EndProject
Project("{9A19103F-16F7-4668-BE54-9A1E7A4F7556}") = "Soundbite.Services", "Soundbite.Services\Soundbite.Services.csproj", "{78BE9677-5506-429F-82F4-DD36BE8F539B}"
EndProject
Project("{9A19103F-16F7-4668-BE54-9A1E7A4F7556}") = "Soundbite.Entity", "Soundbite.Entity\Soundbite.Entity.csproj", "{AAE62ECC-3740-4838-960B-6D0A49DC8D3C}"
EndProject
Project("{9A19103F-16F7-4668-BE54-9A1E7A4F7556}") = "Soundbite", "Soundbite\Soundbite.csproj", "{5E04B572-63D1-45B0-A88E-C0AAC1FDCB23}"
EndProject
Project("{9A19103F-16F7-4668-BE54-9A1E7A4F7556}") = "Masticore.CodeGen", "Masticore.CodeGen\Masticore.CodeGen.csproj", "{8AB4BB6D-A544-4A8C-8869-D5B699A24B38}"
EndProject
Project("{9A19103F-16F7-4668-BE54-9A1E7A4F7556}") = "Soundbite.Api", "Soundbite.Api\Soundbite.Api.csproj", "{9EA3875A-1CD1-4A50-B483-42416CABAD43}"
EndProject
Project("{9A19103F-16F7-4668-BE54-9A1E7A4F7556}") = "Soundbite.Entity.Tests", "Soundbite.Entity.Tests\Soundbite.Entity.Tests.csproj", "{DF9C1346-AA07-4BE0-8E07-6D8DE4338531}"
EndProject
Project("{9A19103F-16F7-4668-BE54-9A1E7A4F7556}") = "Soundbite.CodeGen", "Soundbite.CodeGen\Soundbite.CodeGen.csproj", "{73C8195F-1588-4703-A656-7047A5498133}"
EndProject
Project("{9A19103F-16F7-4668-BE54-9A1E7A4F7556}") = "Soundbite.Services.Tests", "Soundbite.Services.Tests\Soundbite.Services.Tests.csproj", "{B4F35487-6B07-4B39-A8EB-E47934CA5013}"
EndProject
Project("{2150E333-8FDC-42A3-9474-1A3956D46DE8}") = "Tests", "Tests", "{76DCC4C2-22CC-4D7C-8559-1C67A55DCC59}"
EndProject
Project("{9A19103F-16F7-4668-BE54-9A1E7A4F7556}") = "Soundbite.Messaging", "Soundbite.Mail\Soundbite.Messaging.csproj", "{26D189DD-569E-403C-A447-3E95644C5767}"
EndProject
Project("{9A19103F-16F7-4668-BE54-9A1E7A4F7556}") = "Masticore.Sms", "Masticore.Sms\Masticore.Sms.csproj", "{F65BC55F-CD06-40B1-8BC1-ED8C5F655D53}"
EndProject
Project("{9A19103F-16F7-4668-BE54-9A1E7A4F7556}") = "Soundbite.AzFunc.Scheduler", "Soundbite.AzFunc.Scheduler\Soundbite.AzFunc.Scheduler.csproj", "{A281587D-494D-41D7-B3E4-BBDDE78029BF}"
EndProject
Project("{9A19103F-16F7-4668-BE54-9A1E7A4F7556}") = "Soundbite.AzFunc.Scheduler.Tests", "Soundbite.AzFunc.Scheduler.Tests\Soundbite.AzFunc.Scheduler.Tests.csproj", "{3365A237-ABE3-461C-B762-544DD37D633A}"
EndProject
Project("{9A19103F-16F7-4668-BE54-9A1E7A4F7556}") = "Partner.Web", "Partner.Web\Partner.Web.csproj", "{F39353DA-EF23-4F7D-9118-C5CE497E991B}"
EndProject
Project("{9A19103F-16F7-4668-BE54-9A1E7A4F7556}") = "Soundbite.AzFunc.DirectorySync", "Soundbite.AzFunc.DirectorySync\Soundbite.AzFunc.DirectorySync.csproj", "{174A3F2B-99BF-42CE-9CC2-9CDAF3C7BCE5}"
EndProject
Project("{9A19103F-16F7-4668-BE54-9A1E7A4F7556}") = "Masticore.DirectorySync", "Masticore.DirectorySync\Masticore.DirectorySync.csproj", "{BAF70B85-2898-412B-964F-F45130FDF0A1}"
EndProject
Project("{9A19103F-16F7-4668-BE54-9A1E7A4F7556}") = "Masticore.DirectorySync.Aad", "Masticore.DirectorySync.Aad\Masticore.DirectorySync.Aad.csproj", "{2E74686C-E2B1-46B0-89AA-910DACB9C976}"
EndProject
Project("{9A19103F-16F7-4668-BE54-9A1E7A4F7556}") = "Masticore.DirectorySync.Aad.Tests", "Masticore.DirectorySync.Aad.Tests\Masticore.DirectorySync.Aad.Tests.csproj", "{00B56B18-F3AC-4363-AB0F-D1FD322E09DB}"
EndProject
Project("{9A19103F-16F7-4668-BE54-9A1E7A4F7556}") = "Masticore.DirectorySync.Tests", "Masticore.DirectorySync.Tests\Masticore.DirectorySync.Tests.csproj", "{4FC37EEE-A9E5-4738-9C87-344429AD1372}"
EndProject
Project("{9A19103F-16F7-4668-BE54-9A1E7A4F7556}") = "Soundbite.Messaging.Tests", "Soundbite.Messaging.Tests\Soundbite.Messaging.Tests.csproj", "{60ABE9E9-9B8D-4FAC-9BE2-01D172A23458}"
EndProject
Project("{9A19103F-16F7-4668-BE54-9A1E7A4F7556}") = "Soundbite.AzFunc.MockData", "Soundbite.AzFunc.MockData\Soundbite.AzFunc.MockData.csproj", "{949B36CB-5AEA-4C8A-85FC-5447352E8C06}"
EndProject
Project("{9A19103F-16F7-4668-BE54-9A1E7A4F7556}") = "Soundbite.AzBot.MsTeams", "Soundbite.AzBot.MsTeams\Soundbite.AzBot.MsTeams.csproj", "{53D197BE-1507-4DC7-B9E8-8C9F5AEF376E}"
EndProject
Project("{9A19103F-16F7-4668-BE54-9A1E7A4F7556}") = "Masticore.DirectorySync.Interact", "Masticore.DirectorySync.Interact\Masticore.DirectorySync.Interact.csproj", "{F99C871C-2794-4952-8572-EF5F2C96D5F1}"
EndProject
Project("{9A19103F-16F7-4668-BE54-9A1E7A4F7556}") = "Masticore.DirectorySync.Okta", "Masticore.DirectorySync.Okta\Masticore.DirectorySync.Okta.csproj", "{C15A81AD-FC38-47E6-AA31-295A317130CD}"
EndProject
Project("{9A19103F-16F7-4668-BE54-9A1E7A4F7556}") = "Soundbite.Queue", "Soundbite.Queue\Soundbite.Queue.csproj", "{B8C00EEB-F035-4B70-90E9-F08A05A23886}"
EndProject
Project("{9A19103F-16F7-4668-BE54-9A1E7A4F7556}") = "Masticore.Queue", "Masticore.Queue\Masticore.Queue.csproj", "{AC97C8F2-EBE6-4738-8DBA-E0D3EFFECDEB}"
EndProject
Project("{9A19103F-16F7-4668-BE54-9A1E7A4F7556}") = "Soundbite.Queue.Tests", "Soundbite.Queue.Tests\Soundbite.Queue.Tests.csproj", "{E334FE18-76FE-4A7B-BBBB-A5C384CBD9B5}"
EndProject
Project("{2150E333-8FDC-42A3-9474-1A3956D46DE8}") = "Masticore", "Masticore", "{E1667E78-8DF7-464D-BF6F-B63E3B34552F}"
EndProject
Project("{2150E333-8FDC-42A3-9474-1A3956D46DE8}") = "Tests", "Tests", "{1BCAA89F-9416-445B-A183-7BBBE9A1D180}"
EndProject
Project("{2150E333-8FDC-42A3-9474-1A3956D46DE8}") = "Soundbite", "Soundbite", "{60CDCCF1-9F30-4838-9130-772EEDE14AD6}"
EndProject
Project("{9A19103F-16F7-4668-BE54-9A1E7A4F7556}") = "Masticore.Transcription", "Masticore.Transcription\Masticore.Transcription.csproj", "{5A43F7CB-A50B-4110-8584-4C505B4A2F95}"
EndProject
Project("{9A19103F-16F7-4668-BE54-9A1E7A4F7556}") = "Masticore.Transcription.Azure", "Masticore.Transcription.Azure\Masticore.Transcription.Azure.csproj", "{69EC8BE7-4B62-43A4-BD70-B78F385E2C4B}"
EndProject
Project("{9A19103F-16F7-4668-BE54-9A1E7A4F7556}") = "Masticore.Transcription.Tests", "Masticore.Transcription.Tests\Masticore.Transcription.Tests.csproj", "{6C7AF2B0-C9F8-4022-861C-9FD7D87F368A}"
EndProject
Project("{9A19103F-16F7-4668-BE54-9A1E7A4F7556}") = "Masticore.Ai", "Masticore.Ai\Masticore.Ai.csproj", "{F48D447D-55A6-44EB-8C8C-9FDB4BB07C56}"
EndProject
Project("{9A19103F-16F7-4668-BE54-9A1E7A4F7556}") = "Masticore.Ai.Tests", "Masticore.Ai.Tests\Masticore.Ai.Tests.csproj", "{1C9F4F25-6CA3-4146-95C3-5157EE2AF38D}"
EndProject
Project("{9A19103F-16F7-4668-BE54-9A1E7A4F7556}") = "Masticore.Media", "Masticore.Video\Masticore.Media.csproj", "{2A04E942-3D6D-4BCB-A2D8-85C1B2BA25E0}"
EndProject
Project("{9A19103F-16F7-4668-BE54-9A1E7A4F7556}") = "Masticore.Azure.MediaServices", "Masticore.Azure.MediaServices\Masticore.Azure.MediaServices.csproj", "{1DF8D60D-1ECB-4B03-A5B3-E8AEB8249438}"
EndProject
Project("{9A19103F-16F7-4668-BE54-9A1E7A4F7556}") = "Masticore.Azure.MediaServices.Tests", "Masticore.Azure.MediaServices.Tests\Masticore.Azure.MediaServices.Tests.csproj", "{BD418B94-9182-4A9B-B9E2-A655D9FC0DD4}"
EndProject
Project("{9A19103F-16F7-4668-BE54-9A1E7A4F7556}") = "Soundbite.AzFunc.Sandbox", "Soundbite.AzFunc.Sandbox\Soundbite.AzFunc.Sandbox.csproj", "{20446909-AB2C-4498-9D7B-6E783BE385EC}"
EndProject
Project("{9A19103F-16F7-4668-BE54-9A1E7A4F7556}") = "Masticore.Acs", "Masticore.Acs\Masticore.Acs.csproj", "{D726433D-1DE0-4D8D-A540-862934E086A7}"
EndProject
Project("{9A19103F-16F7-4668-BE54-9A1E7A4F7556}") = "Soundbite.AzFunc.Notifications", "Soundbite.AzFunc.Notifications\Soundbite.AzFunc.Notifications.csproj", "{7AD95BB0-1923-45C1-B5E6-982EBD4AAF0F}"
EndProject
Project("{9A19103F-16F7-4668-BE54-9A1E7A4F7556}") = "Soundbite.AzFun", "Soundbite.AzFun\Soundbite.AzFun.csproj", "{18BFBF1F-3974-4196-B369-D05AF31A1125}"
EndProject
Project("{9A19103F-16F7-4668-BE54-9A1E7A4F7556}") = "Soundbite.WebJobs.Messaging", "Soundbite.WebJobs.Messaging\Soundbite.WebJobs.Messaging.csproj", "{802EED79-76ED-4D56-90A7-B1AF7CC23037}"
EndProject
Project("{9A19103F-16F7-4668-BE54-9A1E7A4F7556}") = "Soundbite.EnvConfig", "Soundbite.EnvConfig\Soundbite.EnvConfig.csproj", "{03719564-8E8E-46D9-8C38-7CC225A5CF09}"
EndProject
Project("{9A19103F-16F7-4668-BE54-9A1E7A4F7556}") = "Soundbite.AzFunc.MediaProcessing", "Soundbite.AzFunc.MediaProcessing\Soundbite.AzFunc.MediaProcessing.csproj", "{E7053D41-B679-4CDE-B1C0-347C86AF7F8E}"
EndProject
Global
	GlobalSection(SolutionConfigurationPlatforms) = preSolution
		Debug|Any CPU = Debug|Any CPU
		DebugAirplane|Any CPU = DebugAirplane|Any CPU
		DebugNoSecurity|Any CPU = DebugNoSecurity|Any CPU
		DebugWithCodeGen|Any CPU = DebugWithCodeGen|Any CPU
		Release|Any CPU = Release|Any CPU
	EndGlobalSection
	GlobalSection(ProjectConfigurationPlatforms) = postSolution
		{38D964CD-5543-4A9D-9854-1384086D0DE6}.Debug|Any CPU.ActiveCfg = Debug|Any CPU
		{38D964CD-5543-4A9D-9854-1384086D0DE6}.Debug|Any CPU.Build.0 = Debug|Any CPU
		{38D964CD-5543-4A9D-9854-1384086D0DE6}.DebugAirplane|Any CPU.ActiveCfg = DebugAirplane|Any CPU
		{38D964CD-5543-4A9D-9854-1384086D0DE6}.DebugAirplane|Any CPU.Build.0 = DebugAirplane|Any CPU
		{38D964CD-5543-4A9D-9854-1384086D0DE6}.DebugNoSecurity|Any CPU.ActiveCfg = DebugAirplane|Any CPU
		{38D964CD-5543-4A9D-9854-1384086D0DE6}.DebugNoSecurity|Any CPU.Build.0 = DebugAirplane|Any CPU
		{38D964CD-5543-4A9D-9854-1384086D0DE6}.DebugWithCodeGen|Any CPU.ActiveCfg = DebugWithCodeGen|Any CPU
		{38D964CD-5543-4A9D-9854-1384086D0DE6}.DebugWithCodeGen|Any CPU.Build.0 = DebugWithCodeGen|Any CPU
		{38D964CD-5543-4A9D-9854-1384086D0DE6}.Release|Any CPU.ActiveCfg = Release|Any CPU
		{38D964CD-5543-4A9D-9854-1384086D0DE6}.Release|Any CPU.Build.0 = Release|Any CPU
		{356FE0AB-5FC3-4BBA-97C4-ACD250FF443F}.Debug|Any CPU.ActiveCfg = Debug|Any CPU
		{356FE0AB-5FC3-4BBA-97C4-ACD250FF443F}.Debug|Any CPU.Build.0 = Debug|Any CPU
		{356FE0AB-5FC3-4BBA-97C4-ACD250FF443F}.DebugAirplane|Any CPU.ActiveCfg = DebugAirplane|Any CPU
		{356FE0AB-5FC3-4BBA-97C4-ACD250FF443F}.DebugAirplane|Any CPU.Build.0 = DebugAirplane|Any CPU
		{356FE0AB-5FC3-4BBA-97C4-ACD250FF443F}.DebugNoSecurity|Any CPU.ActiveCfg = DebugAirplane|Any CPU
		{356FE0AB-5FC3-4BBA-97C4-ACD250FF443F}.DebugNoSecurity|Any CPU.Build.0 = DebugAirplane|Any CPU
		{356FE0AB-5FC3-4BBA-97C4-ACD250FF443F}.DebugWithCodeGen|Any CPU.ActiveCfg = DebugWithCodeGen|Any CPU
		{356FE0AB-5FC3-4BBA-97C4-ACD250FF443F}.DebugWithCodeGen|Any CPU.Build.0 = DebugWithCodeGen|Any CPU
		{356FE0AB-5FC3-4BBA-97C4-ACD250FF443F}.Release|Any CPU.ActiveCfg = Release|Any CPU
		{356FE0AB-5FC3-4BBA-97C4-ACD250FF443F}.Release|Any CPU.Build.0 = Release|Any CPU
		{619781F9-FC31-4EF2-A6D7-FCB8B8B64E96}.Debug|Any CPU.ActiveCfg = Debug|Any CPU
		{619781F9-FC31-4EF2-A6D7-FCB8B8B64E96}.Debug|Any CPU.Build.0 = Debug|Any CPU
		{619781F9-FC31-4EF2-A6D7-FCB8B8B64E96}.DebugAirplane|Any CPU.ActiveCfg = DebugAirplane|Any CPU
		{619781F9-FC31-4EF2-A6D7-FCB8B8B64E96}.DebugAirplane|Any CPU.Build.0 = DebugAirplane|Any CPU
		{619781F9-FC31-4EF2-A6D7-FCB8B8B64E96}.DebugNoSecurity|Any CPU.ActiveCfg = DebugAirplane|Any CPU
		{619781F9-FC31-4EF2-A6D7-FCB8B8B64E96}.DebugNoSecurity|Any CPU.Build.0 = DebugAirplane|Any CPU
		{619781F9-FC31-4EF2-A6D7-FCB8B8B64E96}.DebugWithCodeGen|Any CPU.ActiveCfg = DebugWithCodeGen|Any CPU
		{619781F9-FC31-4EF2-A6D7-FCB8B8B64E96}.DebugWithCodeGen|Any CPU.Build.0 = DebugWithCodeGen|Any CPU
		{619781F9-FC31-4EF2-A6D7-FCB8B8B64E96}.Release|Any CPU.ActiveCfg = Release|Any CPU
		{619781F9-FC31-4EF2-A6D7-FCB8B8B64E96}.Release|Any CPU.Build.0 = Release|Any CPU
		{7AB38D4D-DB64-4E8D-9B4F-701FF1DC7EEE}.Debug|Any CPU.ActiveCfg = Debug|Any CPU
		{7AB38D4D-DB64-4E8D-9B4F-701FF1DC7EEE}.Debug|Any CPU.Build.0 = Debug|Any CPU
		{7AB38D4D-DB64-4E8D-9B4F-701FF1DC7EEE}.DebugAirplane|Any CPU.ActiveCfg = DebugAirplane|Any CPU
		{7AB38D4D-DB64-4E8D-9B4F-701FF1DC7EEE}.DebugAirplane|Any CPU.Build.0 = DebugAirplane|Any CPU
		{7AB38D4D-DB64-4E8D-9B4F-701FF1DC7EEE}.DebugNoSecurity|Any CPU.ActiveCfg = DebugAirplane|Any CPU
		{7AB38D4D-DB64-4E8D-9B4F-701FF1DC7EEE}.DebugNoSecurity|Any CPU.Build.0 = DebugAirplane|Any CPU
		{7AB38D4D-DB64-4E8D-9B4F-701FF1DC7EEE}.DebugWithCodeGen|Any CPU.ActiveCfg = DebugWithCodeGen|Any CPU
		{7AB38D4D-DB64-4E8D-9B4F-701FF1DC7EEE}.DebugWithCodeGen|Any CPU.Build.0 = DebugWithCodeGen|Any CPU
		{7AB38D4D-DB64-4E8D-9B4F-701FF1DC7EEE}.Release|Any CPU.ActiveCfg = Release|Any CPU
		{7AB38D4D-DB64-4E8D-9B4F-701FF1DC7EEE}.Release|Any CPU.Build.0 = Release|Any CPU
		{F0E39AC1-9D72-4C16-80B1-CBF6C3DCF133}.Debug|Any CPU.ActiveCfg = Debug|Any CPU
		{F0E39AC1-9D72-4C16-80B1-CBF6C3DCF133}.Debug|Any CPU.Build.0 = Debug|Any CPU
		{F0E39AC1-9D72-4C16-80B1-CBF6C3DCF133}.DebugAirplane|Any CPU.ActiveCfg = DebugAirplane|Any CPU
		{F0E39AC1-9D72-4C16-80B1-CBF6C3DCF133}.DebugAirplane|Any CPU.Build.0 = DebugAirplane|Any CPU
		{F0E39AC1-9D72-4C16-80B1-CBF6C3DCF133}.DebugNoSecurity|Any CPU.ActiveCfg = DebugAirplane|Any CPU
		{F0E39AC1-9D72-4C16-80B1-CBF6C3DCF133}.DebugNoSecurity|Any CPU.Build.0 = DebugAirplane|Any CPU
		{F0E39AC1-9D72-4C16-80B1-CBF6C3DCF133}.DebugWithCodeGen|Any CPU.ActiveCfg = DebugWithCodeGen|Any CPU
		{F0E39AC1-9D72-4C16-80B1-CBF6C3DCF133}.DebugWithCodeGen|Any CPU.Build.0 = DebugWithCodeGen|Any CPU
		{F0E39AC1-9D72-4C16-80B1-CBF6C3DCF133}.Release|Any CPU.ActiveCfg = Release|Any CPU
		{F0E39AC1-9D72-4C16-80B1-CBF6C3DCF133}.Release|Any CPU.Build.0 = Release|Any CPU
		{85B0DF8B-020C-42F0-A1C6-9FD09020B1F9}.Debug|Any CPU.ActiveCfg = Debug|Any CPU
		{85B0DF8B-020C-42F0-A1C6-9FD09020B1F9}.Debug|Any CPU.Build.0 = Debug|Any CPU
		{85B0DF8B-020C-42F0-A1C6-9FD09020B1F9}.DebugAirplane|Any CPU.ActiveCfg = DebugAirplane|Any CPU
		{85B0DF8B-020C-42F0-A1C6-9FD09020B1F9}.DebugAirplane|Any CPU.Build.0 = DebugAirplane|Any CPU
		{85B0DF8B-020C-42F0-A1C6-9FD09020B1F9}.DebugNoSecurity|Any CPU.ActiveCfg = DebugAirplane|Any CPU
		{85B0DF8B-020C-42F0-A1C6-9FD09020B1F9}.DebugNoSecurity|Any CPU.Build.0 = DebugAirplane|Any CPU
		{85B0DF8B-020C-42F0-A1C6-9FD09020B1F9}.DebugWithCodeGen|Any CPU.ActiveCfg = DebugWithCodeGen|Any CPU
		{85B0DF8B-020C-42F0-A1C6-9FD09020B1F9}.DebugWithCodeGen|Any CPU.Build.0 = DebugWithCodeGen|Any CPU
		{85B0DF8B-020C-42F0-A1C6-9FD09020B1F9}.Release|Any CPU.ActiveCfg = Release|Any CPU
		{85B0DF8B-020C-42F0-A1C6-9FD09020B1F9}.Release|Any CPU.Build.0 = Release|Any CPU
		{F6DF4886-31B0-4524-89DD-CDFACBCCCA9E}.Debug|Any CPU.ActiveCfg = Debug|Any CPU
		{F6DF4886-31B0-4524-89DD-CDFACBCCCA9E}.Debug|Any CPU.Build.0 = Debug|Any CPU
		{F6DF4886-31B0-4524-89DD-CDFACBCCCA9E}.DebugAirplane|Any CPU.ActiveCfg = DebugAirplane|Any CPU
		{F6DF4886-31B0-4524-89DD-CDFACBCCCA9E}.DebugAirplane|Any CPU.Build.0 = DebugAirplane|Any CPU
		{F6DF4886-31B0-4524-89DD-CDFACBCCCA9E}.DebugNoSecurity|Any CPU.ActiveCfg = DebugAirplane|Any CPU
		{F6DF4886-31B0-4524-89DD-CDFACBCCCA9E}.DebugNoSecurity|Any CPU.Build.0 = DebugAirplane|Any CPU
		{F6DF4886-31B0-4524-89DD-CDFACBCCCA9E}.DebugWithCodeGen|Any CPU.ActiveCfg = DebugWithCodeGen|Any CPU
		{F6DF4886-31B0-4524-89DD-CDFACBCCCA9E}.DebugWithCodeGen|Any CPU.Build.0 = DebugWithCodeGen|Any CPU
		{F6DF4886-31B0-4524-89DD-CDFACBCCCA9E}.Release|Any CPU.ActiveCfg = Release|Any CPU
		{F6DF4886-31B0-4524-89DD-CDFACBCCCA9E}.Release|Any CPU.Build.0 = Release|Any CPU
		{31DE9A68-510E-4147-9F02-0CD0A71A00AF}.Debug|Any CPU.ActiveCfg = Debug|Any CPU
		{31DE9A68-510E-4147-9F02-0CD0A71A00AF}.Debug|Any CPU.Build.0 = Debug|Any CPU
		{31DE9A68-510E-4147-9F02-0CD0A71A00AF}.DebugAirplane|Any CPU.ActiveCfg = DebugAirplane|Any CPU
		{31DE9A68-510E-4147-9F02-0CD0A71A00AF}.DebugAirplane|Any CPU.Build.0 = DebugAirplane|Any CPU
		{31DE9A68-510E-4147-9F02-0CD0A71A00AF}.DebugNoSecurity|Any CPU.ActiveCfg = DebugAirplane|Any CPU
		{31DE9A68-510E-4147-9F02-0CD0A71A00AF}.DebugNoSecurity|Any CPU.Build.0 = DebugAirplane|Any CPU
		{31DE9A68-510E-4147-9F02-0CD0A71A00AF}.DebugWithCodeGen|Any CPU.ActiveCfg = DebugWithCodeGen|Any CPU
		{31DE9A68-510E-4147-9F02-0CD0A71A00AF}.DebugWithCodeGen|Any CPU.Build.0 = DebugWithCodeGen|Any CPU
		{31DE9A68-510E-4147-9F02-0CD0A71A00AF}.Release|Any CPU.ActiveCfg = Release|Any CPU
		{31DE9A68-510E-4147-9F02-0CD0A71A00AF}.Release|Any CPU.Build.0 = Release|Any CPU
		{433DAD65-CCEF-4A66-9E63-FBA1F1CE597B}.Debug|Any CPU.ActiveCfg = Debug|Any CPU
		{433DAD65-CCEF-4A66-9E63-FBA1F1CE597B}.Debug|Any CPU.Build.0 = Debug|Any CPU
		{433DAD65-CCEF-4A66-9E63-FBA1F1CE597B}.DebugAirplane|Any CPU.ActiveCfg = DebugAirplane|Any CPU
		{433DAD65-CCEF-4A66-9E63-FBA1F1CE597B}.DebugAirplane|Any CPU.Build.0 = DebugAirplane|Any CPU
		{433DAD65-CCEF-4A66-9E63-FBA1F1CE597B}.DebugNoSecurity|Any CPU.ActiveCfg = DebugAirplane|Any CPU
		{433DAD65-CCEF-4A66-9E63-FBA1F1CE597B}.DebugNoSecurity|Any CPU.Build.0 = DebugAirplane|Any CPU
		{433DAD65-CCEF-4A66-9E63-FBA1F1CE597B}.DebugWithCodeGen|Any CPU.ActiveCfg = DebugWithCodeGen|Any CPU
		{433DAD65-CCEF-4A66-9E63-FBA1F1CE597B}.DebugWithCodeGen|Any CPU.Build.0 = DebugWithCodeGen|Any CPU
		{433DAD65-CCEF-4A66-9E63-FBA1F1CE597B}.Release|Any CPU.ActiveCfg = Release|Any CPU
		{433DAD65-CCEF-4A66-9E63-FBA1F1CE597B}.Release|Any CPU.Build.0 = Release|Any CPU
		{46E77018-00D9-4980-A790-8D62F1B516DA}.Debug|Any CPU.ActiveCfg = Debug|Any CPU
		{46E77018-00D9-4980-A790-8D62F1B516DA}.Debug|Any CPU.Build.0 = Debug|Any CPU
		{46E77018-00D9-4980-A790-8D62F1B516DA}.DebugAirplane|Any CPU.ActiveCfg = DebugAirplane|Any CPU
		{46E77018-00D9-4980-A790-8D62F1B516DA}.DebugAirplane|Any CPU.Build.0 = DebugAirplane|Any CPU
		{46E77018-00D9-4980-A790-8D62F1B516DA}.DebugNoSecurity|Any CPU.ActiveCfg = DebugAirplane|Any CPU
		{46E77018-00D9-4980-A790-8D62F1B516DA}.DebugNoSecurity|Any CPU.Build.0 = DebugAirplane|Any CPU
		{46E77018-00D9-4980-A790-8D62F1B516DA}.DebugWithCodeGen|Any CPU.ActiveCfg = DebugWithCodeGen|Any CPU
		{46E77018-00D9-4980-A790-8D62F1B516DA}.DebugWithCodeGen|Any CPU.Build.0 = DebugWithCodeGen|Any CPU
		{46E77018-00D9-4980-A790-8D62F1B516DA}.Release|Any CPU.ActiveCfg = Release|Any CPU
		{46E77018-00D9-4980-A790-8D62F1B516DA}.Release|Any CPU.Build.0 = Release|Any CPU
		{78BE9677-5506-429F-82F4-DD36BE8F539B}.Debug|Any CPU.ActiveCfg = Debug|Any CPU
		{78BE9677-5506-429F-82F4-DD36BE8F539B}.Debug|Any CPU.Build.0 = Debug|Any CPU
		{78BE9677-5506-429F-82F4-DD36BE8F539B}.DebugAirplane|Any CPU.ActiveCfg = DebugAirplane|Any CPU
		{78BE9677-5506-429F-82F4-DD36BE8F539B}.DebugAirplane|Any CPU.Build.0 = DebugAirplane|Any CPU
		{78BE9677-5506-429F-82F4-DD36BE8F539B}.DebugNoSecurity|Any CPU.ActiveCfg = DebugAirplane|Any CPU
		{78BE9677-5506-429F-82F4-DD36BE8F539B}.DebugNoSecurity|Any CPU.Build.0 = DebugAirplane|Any CPU
		{78BE9677-5506-429F-82F4-DD36BE8F539B}.DebugWithCodeGen|Any CPU.ActiveCfg = DebugWithCodeGen|Any CPU
		{78BE9677-5506-429F-82F4-DD36BE8F539B}.DebugWithCodeGen|Any CPU.Build.0 = DebugWithCodeGen|Any CPU
		{78BE9677-5506-429F-82F4-DD36BE8F539B}.Release|Any CPU.ActiveCfg = Release|Any CPU
		{78BE9677-5506-429F-82F4-DD36BE8F539B}.Release|Any CPU.Build.0 = Release|Any CPU
		{AAE62ECC-3740-4838-960B-6D0A49DC8D3C}.Debug|Any CPU.ActiveCfg = Debug|Any CPU
		{AAE62ECC-3740-4838-960B-6D0A49DC8D3C}.Debug|Any CPU.Build.0 = Debug|Any CPU
		{AAE62ECC-3740-4838-960B-6D0A49DC8D3C}.DebugAirplane|Any CPU.ActiveCfg = DebugAirplane|Any CPU
		{AAE62ECC-3740-4838-960B-6D0A49DC8D3C}.DebugAirplane|Any CPU.Build.0 = DebugAirplane|Any CPU
		{AAE62ECC-3740-4838-960B-6D0A49DC8D3C}.DebugNoSecurity|Any CPU.ActiveCfg = DebugAirplane|Any CPU
		{AAE62ECC-3740-4838-960B-6D0A49DC8D3C}.DebugNoSecurity|Any CPU.Build.0 = DebugAirplane|Any CPU
		{AAE62ECC-3740-4838-960B-6D0A49DC8D3C}.DebugWithCodeGen|Any CPU.ActiveCfg = DebugWithCodeGen|Any CPU
		{AAE62ECC-3740-4838-960B-6D0A49DC8D3C}.DebugWithCodeGen|Any CPU.Build.0 = DebugWithCodeGen|Any CPU
		{AAE62ECC-3740-4838-960B-6D0A49DC8D3C}.Release|Any CPU.ActiveCfg = Release|Any CPU
		{AAE62ECC-3740-4838-960B-6D0A49DC8D3C}.Release|Any CPU.Build.0 = Release|Any CPU
		{5E04B572-63D1-45B0-A88E-C0AAC1FDCB23}.Debug|Any CPU.ActiveCfg = Debug|Any CPU
		{5E04B572-63D1-45B0-A88E-C0AAC1FDCB23}.Debug|Any CPU.Build.0 = Debug|Any CPU
		{5E04B572-63D1-45B0-A88E-C0AAC1FDCB23}.DebugAirplane|Any CPU.ActiveCfg = DebugAirplane|Any CPU
		{5E04B572-63D1-45B0-A88E-C0AAC1FDCB23}.DebugAirplane|Any CPU.Build.0 = DebugAirplane|Any CPU
		{5E04B572-63D1-45B0-A88E-C0AAC1FDCB23}.DebugNoSecurity|Any CPU.ActiveCfg = DebugAirplane|Any CPU
		{5E04B572-63D1-45B0-A88E-C0AAC1FDCB23}.DebugNoSecurity|Any CPU.Build.0 = DebugAirplane|Any CPU
		{5E04B572-63D1-45B0-A88E-C0AAC1FDCB23}.DebugWithCodeGen|Any CPU.ActiveCfg = DebugWithCodeGen|Any CPU
		{5E04B572-63D1-45B0-A88E-C0AAC1FDCB23}.DebugWithCodeGen|Any CPU.Build.0 = DebugWithCodeGen|Any CPU
		{5E04B572-63D1-45B0-A88E-C0AAC1FDCB23}.Release|Any CPU.ActiveCfg = Release|Any CPU
		{5E04B572-63D1-45B0-A88E-C0AAC1FDCB23}.Release|Any CPU.Build.0 = Release|Any CPU
		{8AB4BB6D-A544-4A8C-8869-D5B699A24B38}.Debug|Any CPU.ActiveCfg = Debug|Any CPU
		{8AB4BB6D-A544-4A8C-8869-D5B699A24B38}.Debug|Any CPU.Build.0 = Debug|Any CPU
		{8AB4BB6D-A544-4A8C-8869-D5B699A24B38}.DebugAirplane|Any CPU.ActiveCfg = DebugAirplane|Any CPU
		{8AB4BB6D-A544-4A8C-8869-D5B699A24B38}.DebugAirplane|Any CPU.Build.0 = DebugAirplane|Any CPU
		{8AB4BB6D-A544-4A8C-8869-D5B699A24B38}.DebugNoSecurity|Any CPU.ActiveCfg = DebugAirplane|Any CPU
		{8AB4BB6D-A544-4A8C-8869-D5B699A24B38}.DebugNoSecurity|Any CPU.Build.0 = DebugAirplane|Any CPU
		{8AB4BB6D-A544-4A8C-8869-D5B699A24B38}.DebugWithCodeGen|Any CPU.ActiveCfg = DebugWithCodeGen|Any CPU
		{8AB4BB6D-A544-4A8C-8869-D5B699A24B38}.DebugWithCodeGen|Any CPU.Build.0 = DebugWithCodeGen|Any CPU
		{8AB4BB6D-A544-4A8C-8869-D5B699A24B38}.Release|Any CPU.ActiveCfg = Release|Any CPU
		{8AB4BB6D-A544-4A8C-8869-D5B699A24B38}.Release|Any CPU.Build.0 = Release|Any CPU
		{9EA3875A-1CD1-4A50-B483-42416CABAD43}.Debug|Any CPU.ActiveCfg = Debug|Any CPU
		{9EA3875A-1CD1-4A50-B483-42416CABAD43}.Debug|Any CPU.Build.0 = Debug|Any CPU
		{9EA3875A-1CD1-4A50-B483-42416CABAD43}.DebugAirplane|Any CPU.ActiveCfg = DebugAirplane|Any CPU
		{9EA3875A-1CD1-4A50-B483-42416CABAD43}.DebugAirplane|Any CPU.Build.0 = DebugAirplane|Any CPU
		{9EA3875A-1CD1-4A50-B483-42416CABAD43}.DebugNoSecurity|Any CPU.ActiveCfg = DebugAirplane|Any CPU
		{9EA3875A-1CD1-4A50-B483-42416CABAD43}.DebugNoSecurity|Any CPU.Build.0 = DebugAirplane|Any CPU
		{9EA3875A-1CD1-4A50-B483-42416CABAD43}.DebugWithCodeGen|Any CPU.ActiveCfg = DebugWithCodeGen|Any CPU
		{9EA3875A-1CD1-4A50-B483-42416CABAD43}.DebugWithCodeGen|Any CPU.Build.0 = DebugWithCodeGen|Any CPU
		{9EA3875A-1CD1-4A50-B483-42416CABAD43}.Release|Any CPU.ActiveCfg = Release|Any CPU
		{9EA3875A-1CD1-4A50-B483-42416CABAD43}.Release|Any CPU.Build.0 = Release|Any CPU
		{DF9C1346-AA07-4BE0-8E07-6D8DE4338531}.Debug|Any CPU.ActiveCfg = Debug|Any CPU
		{DF9C1346-AA07-4BE0-8E07-6D8DE4338531}.Debug|Any CPU.Build.0 = Debug|Any CPU
		{DF9C1346-AA07-4BE0-8E07-6D8DE4338531}.DebugAirplane|Any CPU.ActiveCfg = DebugAirplane|Any CPU
		{DF9C1346-AA07-4BE0-8E07-6D8DE4338531}.DebugAirplane|Any CPU.Build.0 = DebugAirplane|Any CPU
		{DF9C1346-AA07-4BE0-8E07-6D8DE4338531}.DebugNoSecurity|Any CPU.ActiveCfg = DebugAirplane|Any CPU
		{DF9C1346-AA07-4BE0-8E07-6D8DE4338531}.DebugNoSecurity|Any CPU.Build.0 = DebugAirplane|Any CPU
		{DF9C1346-AA07-4BE0-8E07-6D8DE4338531}.DebugWithCodeGen|Any CPU.ActiveCfg = DebugWithCodeGen|Any CPU
		{DF9C1346-AA07-4BE0-8E07-6D8DE4338531}.DebugWithCodeGen|Any CPU.Build.0 = DebugWithCodeGen|Any CPU
		{DF9C1346-AA07-4BE0-8E07-6D8DE4338531}.Release|Any CPU.ActiveCfg = Release|Any CPU
		{DF9C1346-AA07-4BE0-8E07-6D8DE4338531}.Release|Any CPU.Build.0 = Release|Any CPU
		{73C8195F-1588-4703-A656-7047A5498133}.Debug|Any CPU.ActiveCfg = Debug|Any CPU
		{73C8195F-1588-4703-A656-7047A5498133}.Debug|Any CPU.Build.0 = Debug|Any CPU
		{73C8195F-1588-4703-A656-7047A5498133}.DebugAirplane|Any CPU.ActiveCfg = DebugAirplane|Any CPU
		{73C8195F-1588-4703-A656-7047A5498133}.DebugAirplane|Any CPU.Build.0 = DebugAirplane|Any CPU
		{73C8195F-1588-4703-A656-7047A5498133}.DebugNoSecurity|Any CPU.ActiveCfg = DebugAirplane|Any CPU
		{73C8195F-1588-4703-A656-7047A5498133}.DebugNoSecurity|Any CPU.Build.0 = DebugAirplane|Any CPU
		{73C8195F-1588-4703-A656-7047A5498133}.DebugWithCodeGen|Any CPU.ActiveCfg = DebugWithCodeGen|Any CPU
		{73C8195F-1588-4703-A656-7047A5498133}.DebugWithCodeGen|Any CPU.Build.0 = DebugWithCodeGen|Any CPU
		{73C8195F-1588-4703-A656-7047A5498133}.Release|Any CPU.ActiveCfg = Release|Any CPU
		{73C8195F-1588-4703-A656-7047A5498133}.Release|Any CPU.Build.0 = Release|Any CPU
		{B4F35487-6B07-4B39-A8EB-E47934CA5013}.Debug|Any CPU.ActiveCfg = Debug|Any CPU
		{B4F35487-6B07-4B39-A8EB-E47934CA5013}.Debug|Any CPU.Build.0 = Debug|Any CPU
		{B4F35487-6B07-4B39-A8EB-E47934CA5013}.DebugAirplane|Any CPU.ActiveCfg = DebugAirplane|Any CPU
		{B4F35487-6B07-4B39-A8EB-E47934CA5013}.DebugAirplane|Any CPU.Build.0 = DebugAirplane|Any CPU
		{B4F35487-6B07-4B39-A8EB-E47934CA5013}.DebugNoSecurity|Any CPU.ActiveCfg = DebugAirplane|Any CPU
		{B4F35487-6B07-4B39-A8EB-E47934CA5013}.DebugNoSecurity|Any CPU.Build.0 = DebugAirplane|Any CPU
		{B4F35487-6B07-4B39-A8EB-E47934CA5013}.DebugWithCodeGen|Any CPU.ActiveCfg = DebugWithCodeGen|Any CPU
		{B4F35487-6B07-4B39-A8EB-E47934CA5013}.DebugWithCodeGen|Any CPU.Build.0 = DebugWithCodeGen|Any CPU
		{B4F35487-6B07-4B39-A8EB-E47934CA5013}.Release|Any CPU.ActiveCfg = Release|Any CPU
		{B4F35487-6B07-4B39-A8EB-E47934CA5013}.Release|Any CPU.Build.0 = Release|Any CPU
		{26D189DD-569E-403C-A447-3E95644C5767}.Debug|Any CPU.ActiveCfg = Debug|Any CPU
		{26D189DD-569E-403C-A447-3E95644C5767}.Debug|Any CPU.Build.0 = Debug|Any CPU
		{26D189DD-569E-403C-A447-3E95644C5767}.DebugAirplane|Any CPU.ActiveCfg = DebugAirplane|Any CPU
		{26D189DD-569E-403C-A447-3E95644C5767}.DebugAirplane|Any CPU.Build.0 = DebugAirplane|Any CPU
		{26D189DD-569E-403C-A447-3E95644C5767}.DebugNoSecurity|Any CPU.ActiveCfg = DebugAirplane|Any CPU
		{26D189DD-569E-403C-A447-3E95644C5767}.DebugNoSecurity|Any CPU.Build.0 = DebugAirplane|Any CPU
		{26D189DD-569E-403C-A447-3E95644C5767}.DebugWithCodeGen|Any CPU.ActiveCfg = DebugWithCodeGen|Any CPU
		{26D189DD-569E-403C-A447-3E95644C5767}.DebugWithCodeGen|Any CPU.Build.0 = DebugWithCodeGen|Any CPU
		{26D189DD-569E-403C-A447-3E95644C5767}.Release|Any CPU.ActiveCfg = Release|Any CPU
		{26D189DD-569E-403C-A447-3E95644C5767}.Release|Any CPU.Build.0 = Release|Any CPU
		{F65BC55F-CD06-40B1-8BC1-ED8C5F655D53}.Debug|Any CPU.ActiveCfg = Debug|Any CPU
		{F65BC55F-CD06-40B1-8BC1-ED8C5F655D53}.Debug|Any CPU.Build.0 = Debug|Any CPU
		{F65BC55F-CD06-40B1-8BC1-ED8C5F655D53}.DebugAirplane|Any CPU.ActiveCfg = DebugAirplane|Any CPU
		{F65BC55F-CD06-40B1-8BC1-ED8C5F655D53}.DebugAirplane|Any CPU.Build.0 = DebugAirplane|Any CPU
		{F65BC55F-CD06-40B1-8BC1-ED8C5F655D53}.DebugNoSecurity|Any CPU.ActiveCfg = DebugAirplane|Any CPU
		{F65BC55F-CD06-40B1-8BC1-ED8C5F655D53}.DebugNoSecurity|Any CPU.Build.0 = DebugAirplane|Any CPU
		{F65BC55F-CD06-40B1-8BC1-ED8C5F655D53}.DebugWithCodeGen|Any CPU.ActiveCfg = DebugWithCodeGen|Any CPU
		{F65BC55F-CD06-40B1-8BC1-ED8C5F655D53}.DebugWithCodeGen|Any CPU.Build.0 = DebugWithCodeGen|Any CPU
		{F65BC55F-CD06-40B1-8BC1-ED8C5F655D53}.Release|Any CPU.ActiveCfg = Release|Any CPU
		{F65BC55F-CD06-40B1-8BC1-ED8C5F655D53}.Release|Any CPU.Build.0 = Release|Any CPU
		{A281587D-494D-41D7-B3E4-BBDDE78029BF}.Debug|Any CPU.ActiveCfg = Debug|Any CPU
		{A281587D-494D-41D7-B3E4-BBDDE78029BF}.Debug|Any CPU.Build.0 = Debug|Any CPU
		{A281587D-494D-41D7-B3E4-BBDDE78029BF}.DebugAirplane|Any CPU.ActiveCfg = DebugAirplane|Any CPU
		{A281587D-494D-41D7-B3E4-BBDDE78029BF}.DebugAirplane|Any CPU.Build.0 = DebugAirplane|Any CPU
		{A281587D-494D-41D7-B3E4-BBDDE78029BF}.DebugNoSecurity|Any CPU.ActiveCfg = DebugAirplane|Any CPU
		{A281587D-494D-41D7-B3E4-BBDDE78029BF}.DebugNoSecurity|Any CPU.Build.0 = DebugAirplane|Any CPU
		{A281587D-494D-41D7-B3E4-BBDDE78029BF}.DebugWithCodeGen|Any CPU.ActiveCfg = DebugWithCodeGen|Any CPU
		{A281587D-494D-41D7-B3E4-BBDDE78029BF}.DebugWithCodeGen|Any CPU.Build.0 = DebugWithCodeGen|Any CPU
		{A281587D-494D-41D7-B3E4-BBDDE78029BF}.Release|Any CPU.ActiveCfg = Release|Any CPU
		{A281587D-494D-41D7-B3E4-BBDDE78029BF}.Release|Any CPU.Build.0 = Release|Any CPU
		{3365A237-ABE3-461C-B762-544DD37D633A}.Debug|Any CPU.ActiveCfg = Debug|Any CPU
		{3365A237-ABE3-461C-B762-544DD37D633A}.Debug|Any CPU.Build.0 = Debug|Any CPU
		{3365A237-ABE3-461C-B762-544DD37D633A}.DebugAirplane|Any CPU.ActiveCfg = DebugAirplane|Any CPU
		{3365A237-ABE3-461C-B762-544DD37D633A}.DebugAirplane|Any CPU.Build.0 = DebugAirplane|Any CPU
		{3365A237-ABE3-461C-B762-544DD37D633A}.DebugNoSecurity|Any CPU.ActiveCfg = DebugAirplane|Any CPU
		{3365A237-ABE3-461C-B762-544DD37D633A}.DebugNoSecurity|Any CPU.Build.0 = DebugAirplane|Any CPU
		{3365A237-ABE3-461C-B762-544DD37D633A}.DebugWithCodeGen|Any CPU.ActiveCfg = DebugWithCodeGen|Any CPU
		{3365A237-ABE3-461C-B762-544DD37D633A}.DebugWithCodeGen|Any CPU.Build.0 = DebugWithCodeGen|Any CPU
		{3365A237-ABE3-461C-B762-544DD37D633A}.Release|Any CPU.ActiveCfg = Release|Any CPU
		{3365A237-ABE3-461C-B762-544DD37D633A}.Release|Any CPU.Build.0 = Release|Any CPU
		{F39353DA-EF23-4F7D-9118-C5CE497E991B}.Debug|Any CPU.ActiveCfg = Debug|Any CPU
		{F39353DA-EF23-4F7D-9118-C5CE497E991B}.Debug|Any CPU.Build.0 = Debug|Any CPU
		{F39353DA-EF23-4F7D-9118-C5CE497E991B}.DebugAirplane|Any CPU.ActiveCfg = DebugAirplane|Any CPU
		{F39353DA-EF23-4F7D-9118-C5CE497E991B}.DebugAirplane|Any CPU.Build.0 = DebugAirplane|Any CPU
		{F39353DA-EF23-4F7D-9118-C5CE497E991B}.DebugNoSecurity|Any CPU.ActiveCfg = DebugAirplane|Any CPU
		{F39353DA-EF23-4F7D-9118-C5CE497E991B}.DebugNoSecurity|Any CPU.Build.0 = DebugAirplane|Any CPU
		{F39353DA-EF23-4F7D-9118-C5CE497E991B}.DebugWithCodeGen|Any CPU.ActiveCfg = DebugWithCodeGen|Any CPU
		{F39353DA-EF23-4F7D-9118-C5CE497E991B}.DebugWithCodeGen|Any CPU.Build.0 = DebugWithCodeGen|Any CPU
		{F39353DA-EF23-4F7D-9118-C5CE497E991B}.Release|Any CPU.ActiveCfg = Release|Any CPU
		{F39353DA-EF23-4F7D-9118-C5CE497E991B}.Release|Any CPU.Build.0 = Release|Any CPU
		{174A3F2B-99BF-42CE-9CC2-9CDAF3C7BCE5}.Debug|Any CPU.ActiveCfg = Debug|Any CPU
		{174A3F2B-99BF-42CE-9CC2-9CDAF3C7BCE5}.Debug|Any CPU.Build.0 = Debug|Any CPU
		{174A3F2B-99BF-42CE-9CC2-9CDAF3C7BCE5}.DebugAirplane|Any CPU.ActiveCfg = DebugAirplane|Any CPU
		{174A3F2B-99BF-42CE-9CC2-9CDAF3C7BCE5}.DebugAirplane|Any CPU.Build.0 = DebugAirplane|Any CPU
		{174A3F2B-99BF-42CE-9CC2-9CDAF3C7BCE5}.DebugNoSecurity|Any CPU.ActiveCfg = DebugAirplane|Any CPU
		{174A3F2B-99BF-42CE-9CC2-9CDAF3C7BCE5}.DebugNoSecurity|Any CPU.Build.0 = DebugAirplane|Any CPU
		{174A3F2B-99BF-42CE-9CC2-9CDAF3C7BCE5}.DebugWithCodeGen|Any CPU.ActiveCfg = DebugWithCodeGen|Any CPU
		{174A3F2B-99BF-42CE-9CC2-9CDAF3C7BCE5}.DebugWithCodeGen|Any CPU.Build.0 = DebugWithCodeGen|Any CPU
		{174A3F2B-99BF-42CE-9CC2-9CDAF3C7BCE5}.Release|Any CPU.ActiveCfg = Release|Any CPU
		{174A3F2B-99BF-42CE-9CC2-9CDAF3C7BCE5}.Release|Any CPU.Build.0 = Release|Any CPU
		{BAF70B85-2898-412B-964F-F45130FDF0A1}.Debug|Any CPU.ActiveCfg = Debug|Any CPU
		{BAF70B85-2898-412B-964F-F45130FDF0A1}.Debug|Any CPU.Build.0 = Debug|Any CPU
		{BAF70B85-2898-412B-964F-F45130FDF0A1}.DebugAirplane|Any CPU.ActiveCfg = DebugAirplane|Any CPU
		{BAF70B85-2898-412B-964F-F45130FDF0A1}.DebugAirplane|Any CPU.Build.0 = DebugAirplane|Any CPU
		{BAF70B85-2898-412B-964F-F45130FDF0A1}.DebugNoSecurity|Any CPU.ActiveCfg = DebugAirplane|Any CPU
		{BAF70B85-2898-412B-964F-F45130FDF0A1}.DebugNoSecurity|Any CPU.Build.0 = DebugAirplane|Any CPU
		{BAF70B85-2898-412B-964F-F45130FDF0A1}.DebugWithCodeGen|Any CPU.ActiveCfg = DebugWithCodeGen|Any CPU
		{BAF70B85-2898-412B-964F-F45130FDF0A1}.DebugWithCodeGen|Any CPU.Build.0 = DebugWithCodeGen|Any CPU
		{BAF70B85-2898-412B-964F-F45130FDF0A1}.Release|Any CPU.ActiveCfg = Release|Any CPU
		{BAF70B85-2898-412B-964F-F45130FDF0A1}.Release|Any CPU.Build.0 = Release|Any CPU
		{2E74686C-E2B1-46B0-89AA-910DACB9C976}.Debug|Any CPU.ActiveCfg = Debug|Any CPU
		{2E74686C-E2B1-46B0-89AA-910DACB9C976}.Debug|Any CPU.Build.0 = Debug|Any CPU
		{2E74686C-E2B1-46B0-89AA-910DACB9C976}.DebugAirplane|Any CPU.ActiveCfg = DebugAirplane|Any CPU
		{2E74686C-E2B1-46B0-89AA-910DACB9C976}.DebugAirplane|Any CPU.Build.0 = DebugAirplane|Any CPU
		{2E74686C-E2B1-46B0-89AA-910DACB9C976}.DebugNoSecurity|Any CPU.ActiveCfg = DebugAirplane|Any CPU
		{2E74686C-E2B1-46B0-89AA-910DACB9C976}.DebugNoSecurity|Any CPU.Build.0 = DebugAirplane|Any CPU
		{2E74686C-E2B1-46B0-89AA-910DACB9C976}.DebugWithCodeGen|Any CPU.ActiveCfg = DebugWithCodeGen|Any CPU
		{2E74686C-E2B1-46B0-89AA-910DACB9C976}.DebugWithCodeGen|Any CPU.Build.0 = DebugWithCodeGen|Any CPU
		{2E74686C-E2B1-46B0-89AA-910DACB9C976}.Release|Any CPU.ActiveCfg = Release|Any CPU
		{2E74686C-E2B1-46B0-89AA-910DACB9C976}.Release|Any CPU.Build.0 = Release|Any CPU
		{00B56B18-F3AC-4363-AB0F-D1FD322E09DB}.Debug|Any CPU.ActiveCfg = Debug|Any CPU
		{00B56B18-F3AC-4363-AB0F-D1FD322E09DB}.Debug|Any CPU.Build.0 = Debug|Any CPU
		{00B56B18-F3AC-4363-AB0F-D1FD322E09DB}.DebugAirplane|Any CPU.ActiveCfg = DebugAirplane|Any CPU
		{00B56B18-F3AC-4363-AB0F-D1FD322E09DB}.DebugAirplane|Any CPU.Build.0 = DebugAirplane|Any CPU
		{00B56B18-F3AC-4363-AB0F-D1FD322E09DB}.DebugNoSecurity|Any CPU.ActiveCfg = DebugAirplane|Any CPU
		{00B56B18-F3AC-4363-AB0F-D1FD322E09DB}.DebugNoSecurity|Any CPU.Build.0 = DebugAirplane|Any CPU
		{00B56B18-F3AC-4363-AB0F-D1FD322E09DB}.DebugWithCodeGen|Any CPU.ActiveCfg = DebugWithCodeGen|Any CPU
		{00B56B18-F3AC-4363-AB0F-D1FD322E09DB}.DebugWithCodeGen|Any CPU.Build.0 = DebugWithCodeGen|Any CPU
		{00B56B18-F3AC-4363-AB0F-D1FD322E09DB}.Release|Any CPU.ActiveCfg = Release|Any CPU
		{00B56B18-F3AC-4363-AB0F-D1FD322E09DB}.Release|Any CPU.Build.0 = Release|Any CPU
		{4FC37EEE-A9E5-4738-9C87-344429AD1372}.Debug|Any CPU.ActiveCfg = Debug|Any CPU
		{4FC37EEE-A9E5-4738-9C87-344429AD1372}.Debug|Any CPU.Build.0 = Debug|Any CPU
		{4FC37EEE-A9E5-4738-9C87-344429AD1372}.DebugAirplane|Any CPU.ActiveCfg = DebugAirplane|Any CPU
		{4FC37EEE-A9E5-4738-9C87-344429AD1372}.DebugAirplane|Any CPU.Build.0 = DebugAirplane|Any CPU
		{4FC37EEE-A9E5-4738-9C87-344429AD1372}.DebugNoSecurity|Any CPU.ActiveCfg = DebugAirplane|Any CPU
		{4FC37EEE-A9E5-4738-9C87-344429AD1372}.DebugNoSecurity|Any CPU.Build.0 = DebugAirplane|Any CPU
		{4FC37EEE-A9E5-4738-9C87-344429AD1372}.DebugWithCodeGen|Any CPU.ActiveCfg = Debug|Any CPU
		{4FC37EEE-A9E5-4738-9C87-344429AD1372}.DebugWithCodeGen|Any CPU.Build.0 = Debug|Any CPU
		{4FC37EEE-A9E5-4738-9C87-344429AD1372}.Release|Any CPU.ActiveCfg = Release|Any CPU
		{4FC37EEE-A9E5-4738-9C87-344429AD1372}.Release|Any CPU.Build.0 = Release|Any CPU
		{60ABE9E9-9B8D-4FAC-9BE2-01D172A23458}.Debug|Any CPU.ActiveCfg = Debug|Any CPU
		{60ABE9E9-9B8D-4FAC-9BE2-01D172A23458}.Debug|Any CPU.Build.0 = Debug|Any CPU
		{60ABE9E9-9B8D-4FAC-9BE2-01D172A23458}.DebugAirplane|Any CPU.ActiveCfg = Debug|Any CPU
		{60ABE9E9-9B8D-4FAC-9BE2-01D172A23458}.DebugAirplane|Any CPU.Build.0 = Debug|Any CPU
		{60ABE9E9-9B8D-4FAC-9BE2-01D172A23458}.DebugNoSecurity|Any CPU.ActiveCfg = Debug|Any CPU
		{60ABE9E9-9B8D-4FAC-9BE2-01D172A23458}.DebugNoSecurity|Any CPU.Build.0 = Debug|Any CPU
		{60ABE9E9-9B8D-4FAC-9BE2-01D172A23458}.DebugWithCodeGen|Any CPU.ActiveCfg = Debug|Any CPU
		{60ABE9E9-9B8D-4FAC-9BE2-01D172A23458}.DebugWithCodeGen|Any CPU.Build.0 = Debug|Any CPU
		{60ABE9E9-9B8D-4FAC-9BE2-01D172A23458}.Release|Any CPU.ActiveCfg = Release|Any CPU
		{60ABE9E9-9B8D-4FAC-9BE2-01D172A23458}.Release|Any CPU.Build.0 = Release|Any CPU
		{949B36CB-5AEA-4C8A-85FC-5447352E8C06}.Debug|Any CPU.ActiveCfg = Debug|Any CPU
		{949B36CB-5AEA-4C8A-85FC-5447352E8C06}.Debug|Any CPU.Build.0 = Debug|Any CPU
		{949B36CB-5AEA-4C8A-85FC-5447352E8C06}.DebugAirplane|Any CPU.ActiveCfg = DebugWithCodeGen|Any CPU
		{949B36CB-5AEA-4C8A-85FC-5447352E8C06}.DebugAirplane|Any CPU.Build.0 = DebugWithCodeGen|Any CPU
		{949B36CB-5AEA-4C8A-85FC-5447352E8C06}.DebugNoSecurity|Any CPU.ActiveCfg = Debug|Any CPU
		{949B36CB-5AEA-4C8A-85FC-5447352E8C06}.DebugNoSecurity|Any CPU.Build.0 = Debug|Any CPU
		{949B36CB-5AEA-4C8A-85FC-5447352E8C06}.DebugWithCodeGen|Any CPU.ActiveCfg = Debug|Any CPU
		{949B36CB-5AEA-4C8A-85FC-5447352E8C06}.DebugWithCodeGen|Any CPU.Build.0 = Debug|Any CPU
		{949B36CB-5AEA-4C8A-85FC-5447352E8C06}.Release|Any CPU.ActiveCfg = Release|Any CPU
		{949B36CB-5AEA-4C8A-85FC-5447352E8C06}.Release|Any CPU.Build.0 = Release|Any CPU
		{53D197BE-1507-4DC7-B9E8-8C9F5AEF376E}.Debug|Any CPU.ActiveCfg = Debug|Any CPU
		{53D197BE-1507-4DC7-B9E8-8C9F5AEF376E}.Debug|Any CPU.Build.0 = Debug|Any CPU
		{53D197BE-1507-4DC7-B9E8-8C9F5AEF376E}.DebugAirplane|Any CPU.ActiveCfg = Debug|Any CPU
		{53D197BE-1507-4DC7-B9E8-8C9F5AEF376E}.DebugAirplane|Any CPU.Build.0 = Debug|Any CPU
		{53D197BE-1507-4DC7-B9E8-8C9F5AEF376E}.DebugNoSecurity|Any CPU.ActiveCfg = Debug|Any CPU
		{53D197BE-1507-4DC7-B9E8-8C9F5AEF376E}.DebugNoSecurity|Any CPU.Build.0 = Debug|Any CPU
		{53D197BE-1507-4DC7-B9E8-8C9F5AEF376E}.DebugWithCodeGen|Any CPU.ActiveCfg = Debug|Any CPU
		{53D197BE-1507-4DC7-B9E8-8C9F5AEF376E}.DebugWithCodeGen|Any CPU.Build.0 = Debug|Any CPU
		{53D197BE-1507-4DC7-B9E8-8C9F5AEF376E}.Release|Any CPU.ActiveCfg = Release|Any CPU
		{53D197BE-1507-4DC7-B9E8-8C9F5AEF376E}.Release|Any CPU.Build.0 = Release|Any CPU
		{F99C871C-2794-4952-8572-EF5F2C96D5F1}.Debug|Any CPU.ActiveCfg = Debug|Any CPU
		{F99C871C-2794-4952-8572-EF5F2C96D5F1}.Debug|Any CPU.Build.0 = Debug|Any CPU
		{F99C871C-2794-4952-8572-EF5F2C96D5F1}.DebugAirplane|Any CPU.ActiveCfg = DebugWithCodeGen|Any CPU
		{F99C871C-2794-4952-8572-EF5F2C96D5F1}.DebugAirplane|Any CPU.Build.0 = DebugWithCodeGen|Any CPU
		{F99C871C-2794-4952-8572-EF5F2C96D5F1}.DebugNoSecurity|Any CPU.ActiveCfg = DebugNoSecurity|Any CPU
		{F99C871C-2794-4952-8572-EF5F2C96D5F1}.DebugNoSecurity|Any CPU.Build.0 = DebugNoSecurity|Any CPU
		{F99C871C-2794-4952-8572-EF5F2C96D5F1}.DebugWithCodeGen|Any CPU.ActiveCfg = DebugWithCodeGen|Any CPU
		{F99C871C-2794-4952-8572-EF5F2C96D5F1}.DebugWithCodeGen|Any CPU.Build.0 = DebugWithCodeGen|Any CPU
		{F99C871C-2794-4952-8572-EF5F2C96D5F1}.Release|Any CPU.ActiveCfg = Release|Any CPU
		{F99C871C-2794-4952-8572-EF5F2C96D5F1}.Release|Any CPU.Build.0 = Release|Any CPU
		{C15A81AD-FC38-47E6-AA31-295A317130CD}.Debug|Any CPU.ActiveCfg = Debug|Any CPU
		{C15A81AD-FC38-47E6-AA31-295A317130CD}.Debug|Any CPU.Build.0 = Debug|Any CPU
		{C15A81AD-FC38-47E6-AA31-295A317130CD}.DebugAirplane|Any CPU.ActiveCfg = DebugWithCodeGen|Any CPU
		{C15A81AD-FC38-47E6-AA31-295A317130CD}.DebugAirplane|Any CPU.Build.0 = DebugWithCodeGen|Any CPU
		{C15A81AD-FC38-47E6-AA31-295A317130CD}.DebugNoSecurity|Any CPU.ActiveCfg = DebugNoSecurity|Any CPU
		{C15A81AD-FC38-47E6-AA31-295A317130CD}.DebugNoSecurity|Any CPU.Build.0 = DebugNoSecurity|Any CPU
		{C15A81AD-FC38-47E6-AA31-295A317130CD}.DebugWithCodeGen|Any CPU.ActiveCfg = DebugWithCodeGen|Any CPU
		{C15A81AD-FC38-47E6-AA31-295A317130CD}.DebugWithCodeGen|Any CPU.Build.0 = DebugWithCodeGen|Any CPU
		{C15A81AD-FC38-47E6-AA31-295A317130CD}.Release|Any CPU.ActiveCfg = Release|Any CPU
		{C15A81AD-FC38-47E6-AA31-295A317130CD}.Release|Any CPU.Build.0 = Release|Any CPU
		{B8C00EEB-F035-4B70-90E9-F08A05A23886}.Debug|Any CPU.ActiveCfg = Debug|Any CPU
		{B8C00EEB-F035-4B70-90E9-F08A05A23886}.Debug|Any CPU.Build.0 = Debug|Any CPU
		{B8C00EEB-F035-4B70-90E9-F08A05A23886}.DebugAirplane|Any CPU.ActiveCfg = Debug|Any CPU
		{B8C00EEB-F035-4B70-90E9-F08A05A23886}.DebugAirplane|Any CPU.Build.0 = Debug|Any CPU
		{B8C00EEB-F035-4B70-90E9-F08A05A23886}.DebugNoSecurity|Any CPU.ActiveCfg = Debug|Any CPU
		{B8C00EEB-F035-4B70-90E9-F08A05A23886}.DebugNoSecurity|Any CPU.Build.0 = Debug|Any CPU
		{B8C00EEB-F035-4B70-90E9-F08A05A23886}.DebugWithCodeGen|Any CPU.ActiveCfg = Debug|Any CPU
		{B8C00EEB-F035-4B70-90E9-F08A05A23886}.DebugWithCodeGen|Any CPU.Build.0 = Debug|Any CPU
		{B8C00EEB-F035-4B70-90E9-F08A05A23886}.Release|Any CPU.ActiveCfg = Release|Any CPU
		{B8C00EEB-F035-4B70-90E9-F08A05A23886}.Release|Any CPU.Build.0 = Release|Any CPU
		{AC97C8F2-EBE6-4738-8DBA-E0D3EFFECDEB}.Debug|Any CPU.ActiveCfg = Debug|Any CPU
		{AC97C8F2-EBE6-4738-8DBA-E0D3EFFECDEB}.Debug|Any CPU.Build.0 = Debug|Any CPU
		{AC97C8F2-EBE6-4738-8DBA-E0D3EFFECDEB}.DebugAirplane|Any CPU.ActiveCfg = Debug|Any CPU
		{AC97C8F2-EBE6-4738-8DBA-E0D3EFFECDEB}.DebugAirplane|Any CPU.Build.0 = Debug|Any CPU
		{AC97C8F2-EBE6-4738-8DBA-E0D3EFFECDEB}.DebugNoSecurity|Any CPU.ActiveCfg = Debug|Any CPU
		{AC97C8F2-EBE6-4738-8DBA-E0D3EFFECDEB}.DebugNoSecurity|Any CPU.Build.0 = Debug|Any CPU
		{AC97C8F2-EBE6-4738-8DBA-E0D3EFFECDEB}.DebugWithCodeGen|Any CPU.ActiveCfg = Debug|Any CPU
		{AC97C8F2-EBE6-4738-8DBA-E0D3EFFECDEB}.DebugWithCodeGen|Any CPU.Build.0 = Debug|Any CPU
		{AC97C8F2-EBE6-4738-8DBA-E0D3EFFECDEB}.Release|Any CPU.ActiveCfg = Release|Any CPU
		{AC97C8F2-EBE6-4738-8DBA-E0D3EFFECDEB}.Release|Any CPU.Build.0 = Release|Any CPU
		{E334FE18-76FE-4A7B-BBBB-A5C384CBD9B5}.Debug|Any CPU.ActiveCfg = Debug|Any CPU
		{E334FE18-76FE-4A7B-BBBB-A5C384CBD9B5}.Debug|Any CPU.Build.0 = Debug|Any CPU
		{E334FE18-76FE-4A7B-BBBB-A5C384CBD9B5}.DebugAirplane|Any CPU.ActiveCfg = Debug|Any CPU
		{E334FE18-76FE-4A7B-BBBB-A5C384CBD9B5}.DebugAirplane|Any CPU.Build.0 = Debug|Any CPU
		{E334FE18-76FE-4A7B-BBBB-A5C384CBD9B5}.DebugNoSecurity|Any CPU.ActiveCfg = Debug|Any CPU
		{E334FE18-76FE-4A7B-BBBB-A5C384CBD9B5}.DebugNoSecurity|Any CPU.Build.0 = Debug|Any CPU
		{E334FE18-76FE-4A7B-BBBB-A5C384CBD9B5}.DebugWithCodeGen|Any CPU.ActiveCfg = Debug|Any CPU
		{E334FE18-76FE-4A7B-BBBB-A5C384CBD9B5}.DebugWithCodeGen|Any CPU.Build.0 = Debug|Any CPU
		{E334FE18-76FE-4A7B-BBBB-A5C384CBD9B5}.Release|Any CPU.ActiveCfg = Release|Any CPU
		{E334FE18-76FE-4A7B-BBBB-A5C384CBD9B5}.Release|Any CPU.Build.0 = Release|Any CPU
		{5A43F7CB-A50B-4110-8584-4C505B4A2F95}.Debug|Any CPU.ActiveCfg = Debug|Any CPU
		{5A43F7CB-A50B-4110-8584-4C505B4A2F95}.Debug|Any CPU.Build.0 = Debug|Any CPU
		{5A43F7CB-A50B-4110-8584-4C505B4A2F95}.DebugAirplane|Any CPU.ActiveCfg = Debug|Any CPU
		{5A43F7CB-A50B-4110-8584-4C505B4A2F95}.DebugAirplane|Any CPU.Build.0 = Debug|Any CPU
		{5A43F7CB-A50B-4110-8584-4C505B4A2F95}.DebugNoSecurity|Any CPU.ActiveCfg = Debug|Any CPU
		{5A43F7CB-A50B-4110-8584-4C505B4A2F95}.DebugNoSecurity|Any CPU.Build.0 = Debug|Any CPU
		{5A43F7CB-A50B-4110-8584-4C505B4A2F95}.DebugWithCodeGen|Any CPU.ActiveCfg = Debug|Any CPU
		{5A43F7CB-A50B-4110-8584-4C505B4A2F95}.DebugWithCodeGen|Any CPU.Build.0 = Debug|Any CPU
		{5A43F7CB-A50B-4110-8584-4C505B4A2F95}.Release|Any CPU.ActiveCfg = Release|Any CPU
		{5A43F7CB-A50B-4110-8584-4C505B4A2F95}.Release|Any CPU.Build.0 = Release|Any CPU
		{69EC8BE7-4B62-43A4-BD70-B78F385E2C4B}.Debug|Any CPU.ActiveCfg = Debug|Any CPU
		{69EC8BE7-4B62-43A4-BD70-B78F385E2C4B}.Debug|Any CPU.Build.0 = Debug|Any CPU
		{69EC8BE7-4B62-43A4-BD70-B78F385E2C4B}.DebugAirplane|Any CPU.ActiveCfg = Debug|Any CPU
		{69EC8BE7-4B62-43A4-BD70-B78F385E2C4B}.DebugAirplane|Any CPU.Build.0 = Debug|Any CPU
		{69EC8BE7-4B62-43A4-BD70-B78F385E2C4B}.DebugNoSecurity|Any CPU.ActiveCfg = Debug|Any CPU
		{69EC8BE7-4B62-43A4-BD70-B78F385E2C4B}.DebugNoSecurity|Any CPU.Build.0 = Debug|Any CPU
		{69EC8BE7-4B62-43A4-BD70-B78F385E2C4B}.DebugWithCodeGen|Any CPU.ActiveCfg = Debug|Any CPU
		{69EC8BE7-4B62-43A4-BD70-B78F385E2C4B}.DebugWithCodeGen|Any CPU.Build.0 = Debug|Any CPU
		{69EC8BE7-4B62-43A4-BD70-B78F385E2C4B}.Release|Any CPU.ActiveCfg = Release|Any CPU
		{69EC8BE7-4B62-43A4-BD70-B78F385E2C4B}.Release|Any CPU.Build.0 = Release|Any CPU
		{6C7AF2B0-C9F8-4022-861C-9FD7D87F368A}.Debug|Any CPU.ActiveCfg = Debug|Any CPU
		{6C7AF2B0-C9F8-4022-861C-9FD7D87F368A}.Debug|Any CPU.Build.0 = Debug|Any CPU
		{6C7AF2B0-C9F8-4022-861C-9FD7D87F368A}.DebugAirplane|Any CPU.ActiveCfg = DebugWithCodeGen|Any CPU
		{6C7AF2B0-C9F8-4022-861C-9FD7D87F368A}.DebugAirplane|Any CPU.Build.0 = DebugWithCodeGen|Any CPU
		{6C7AF2B0-C9F8-4022-861C-9FD7D87F368A}.DebugNoSecurity|Any CPU.ActiveCfg = DebugNoSecurity|Any CPU
		{6C7AF2B0-C9F8-4022-861C-9FD7D87F368A}.DebugNoSecurity|Any CPU.Build.0 = DebugNoSecurity|Any CPU
		{6C7AF2B0-C9F8-4022-861C-9FD7D87F368A}.DebugWithCodeGen|Any CPU.ActiveCfg = DebugWithCodeGen|Any CPU
		{6C7AF2B0-C9F8-4022-861C-9FD7D87F368A}.DebugWithCodeGen|Any CPU.Build.0 = DebugWithCodeGen|Any CPU
		{6C7AF2B0-C9F8-4022-861C-9FD7D87F368A}.Release|Any CPU.ActiveCfg = Release|Any CPU
		{6C7AF2B0-C9F8-4022-861C-9FD7D87F368A}.Release|Any CPU.Build.0 = Release|Any CPU
		{F48D447D-55A6-44EB-8C8C-9FDB4BB07C56}.Debug|Any CPU.ActiveCfg = Debug|Any CPU
		{F48D447D-55A6-44EB-8C8C-9FDB4BB07C56}.Debug|Any CPU.Build.0 = Debug|Any CPU
		{F48D447D-55A6-44EB-8C8C-9FDB4BB07C56}.DebugAirplane|Any CPU.ActiveCfg = Debug|Any CPU
		{F48D447D-55A6-44EB-8C8C-9FDB4BB07C56}.DebugAirplane|Any CPU.Build.0 = Debug|Any CPU
		{F48D447D-55A6-44EB-8C8C-9FDB4BB07C56}.DebugNoSecurity|Any CPU.ActiveCfg = Debug|Any CPU
		{F48D447D-55A6-44EB-8C8C-9FDB4BB07C56}.DebugNoSecurity|Any CPU.Build.0 = Debug|Any CPU
		{F48D447D-55A6-44EB-8C8C-9FDB4BB07C56}.DebugWithCodeGen|Any CPU.ActiveCfg = Debug|Any CPU
		{F48D447D-55A6-44EB-8C8C-9FDB4BB07C56}.DebugWithCodeGen|Any CPU.Build.0 = Debug|Any CPU
		{F48D447D-55A6-44EB-8C8C-9FDB4BB07C56}.Release|Any CPU.ActiveCfg = Release|Any CPU
		{F48D447D-55A6-44EB-8C8C-9FDB4BB07C56}.Release|Any CPU.Build.0 = Release|Any CPU
		{1C9F4F25-6CA3-4146-95C3-5157EE2AF38D}.Debug|Any CPU.ActiveCfg = Debug|Any CPU
		{1C9F4F25-6CA3-4146-95C3-5157EE2AF38D}.Debug|Any CPU.Build.0 = Debug|Any CPU
		{1C9F4F25-6CA3-4146-95C3-5157EE2AF38D}.DebugAirplane|Any CPU.ActiveCfg = Debug|Any CPU
		{1C9F4F25-6CA3-4146-95C3-5157EE2AF38D}.DebugAirplane|Any CPU.Build.0 = Debug|Any CPU
		{1C9F4F25-6CA3-4146-95C3-5157EE2AF38D}.DebugNoSecurity|Any CPU.ActiveCfg = Debug|Any CPU
		{1C9F4F25-6CA3-4146-95C3-5157EE2AF38D}.DebugNoSecurity|Any CPU.Build.0 = Debug|Any CPU
		{1C9F4F25-6CA3-4146-95C3-5157EE2AF38D}.DebugWithCodeGen|Any CPU.ActiveCfg = Debug|Any CPU
		{1C9F4F25-6CA3-4146-95C3-5157EE2AF38D}.DebugWithCodeGen|Any CPU.Build.0 = Debug|Any CPU
		{1C9F4F25-6CA3-4146-95C3-5157EE2AF38D}.Release|Any CPU.ActiveCfg = Release|Any CPU
		{1C9F4F25-6CA3-4146-95C3-5157EE2AF38D}.Release|Any CPU.Build.0 = Release|Any CPU
		{2A04E942-3D6D-4BCB-A2D8-85C1B2BA25E0}.Debug|Any CPU.ActiveCfg = Debug|Any CPU
		{2A04E942-3D6D-4BCB-A2D8-85C1B2BA25E0}.Debug|Any CPU.Build.0 = Debug|Any CPU
		{2A04E942-3D6D-4BCB-A2D8-85C1B2BA25E0}.DebugAirplane|Any CPU.ActiveCfg = Debug|Any CPU
		{2A04E942-3D6D-4BCB-A2D8-85C1B2BA25E0}.DebugAirplane|Any CPU.Build.0 = Debug|Any CPU
		{2A04E942-3D6D-4BCB-A2D8-85C1B2BA25E0}.DebugNoSecurity|Any CPU.ActiveCfg = Debug|Any CPU
		{2A04E942-3D6D-4BCB-A2D8-85C1B2BA25E0}.DebugNoSecurity|Any CPU.Build.0 = Debug|Any CPU
		{2A04E942-3D6D-4BCB-A2D8-85C1B2BA25E0}.DebugWithCodeGen|Any CPU.ActiveCfg = Debug|Any CPU
		{2A04E942-3D6D-4BCB-A2D8-85C1B2BA25E0}.DebugWithCodeGen|Any CPU.Build.0 = Debug|Any CPU
		{2A04E942-3D6D-4BCB-A2D8-85C1B2BA25E0}.Release|Any CPU.ActiveCfg = Release|Any CPU
		{2A04E942-3D6D-4BCB-A2D8-85C1B2BA25E0}.Release|Any CPU.Build.0 = Release|Any CPU
		{1DF8D60D-1ECB-4B03-A5B3-E8AEB8249438}.Debug|Any CPU.ActiveCfg = Debug|Any CPU
		{1DF8D60D-1ECB-4B03-A5B3-E8AEB8249438}.Debug|Any CPU.Build.0 = Debug|Any CPU
		{1DF8D60D-1ECB-4B03-A5B3-E8AEB8249438}.DebugAirplane|Any CPU.ActiveCfg = Debug|Any CPU
		{1DF8D60D-1ECB-4B03-A5B3-E8AEB8249438}.DebugAirplane|Any CPU.Build.0 = Debug|Any CPU
		{1DF8D60D-1ECB-4B03-A5B3-E8AEB8249438}.DebugNoSecurity|Any CPU.ActiveCfg = Debug|Any CPU
		{1DF8D60D-1ECB-4B03-A5B3-E8AEB8249438}.DebugNoSecurity|Any CPU.Build.0 = Debug|Any CPU
		{1DF8D60D-1ECB-4B03-A5B3-E8AEB8249438}.DebugWithCodeGen|Any CPU.ActiveCfg = Debug|Any CPU
		{1DF8D60D-1ECB-4B03-A5B3-E8AEB8249438}.DebugWithCodeGen|Any CPU.Build.0 = Debug|Any CPU
		{1DF8D60D-1ECB-4B03-A5B3-E8AEB8249438}.Release|Any CPU.ActiveCfg = Release|Any CPU
		{1DF8D60D-1ECB-4B03-A5B3-E8AEB8249438}.Release|Any CPU.Build.0 = Release|Any CPU
		{BD418B94-9182-4A9B-B9E2-A655D9FC0DD4}.Debug|Any CPU.ActiveCfg = Debug|Any CPU
		{BD418B94-9182-4A9B-B9E2-A655D9FC0DD4}.Debug|Any CPU.Build.0 = Debug|Any CPU
		{BD418B94-9182-4A9B-B9E2-A655D9FC0DD4}.DebugAirplane|Any CPU.ActiveCfg = Debug|Any CPU
		{BD418B94-9182-4A9B-B9E2-A655D9FC0DD4}.DebugAirplane|Any CPU.Build.0 = Debug|Any CPU
		{BD418B94-9182-4A9B-B9E2-A655D9FC0DD4}.DebugNoSecurity|Any CPU.ActiveCfg = Debug|Any CPU
		{BD418B94-9182-4A9B-B9E2-A655D9FC0DD4}.DebugNoSecurity|Any CPU.Build.0 = Debug|Any CPU
		{BD418B94-9182-4A9B-B9E2-A655D9FC0DD4}.DebugWithCodeGen|Any CPU.ActiveCfg = Debug|Any CPU
		{BD418B94-9182-4A9B-B9E2-A655D9FC0DD4}.DebugWithCodeGen|Any CPU.Build.0 = Debug|Any CPU
		{BD418B94-9182-4A9B-B9E2-A655D9FC0DD4}.Release|Any CPU.ActiveCfg = Release|Any CPU
		{BD418B94-9182-4A9B-B9E2-A655D9FC0DD4}.Release|Any CPU.Build.0 = Release|Any CPU
		{20446909-AB2C-4498-9D7B-6E783BE385EC}.Debug|Any CPU.ActiveCfg = Debug|Any CPU
		{20446909-AB2C-4498-9D7B-6E783BE385EC}.Debug|Any CPU.Build.0 = Debug|Any CPU
		{20446909-AB2C-4498-9D7B-6E783BE385EC}.DebugAirplane|Any CPU.ActiveCfg = DebugWithCodeGen|Any CPU
		{20446909-AB2C-4498-9D7B-6E783BE385EC}.DebugAirplane|Any CPU.Build.0 = DebugWithCodeGen|Any CPU
		{20446909-AB2C-4498-9D7B-6E783BE385EC}.DebugNoSecurity|Any CPU.ActiveCfg = DebugNoSecurity|Any CPU
		{20446909-AB2C-4498-9D7B-6E783BE385EC}.DebugNoSecurity|Any CPU.Build.0 = DebugNoSecurity|Any CPU
		{20446909-AB2C-4498-9D7B-6E783BE385EC}.DebugWithCodeGen|Any CPU.ActiveCfg = DebugWithCodeGen|Any CPU
		{20446909-AB2C-4498-9D7B-6E783BE385EC}.DebugWithCodeGen|Any CPU.Build.0 = DebugWithCodeGen|Any CPU
		{20446909-AB2C-4498-9D7B-6E783BE385EC}.Release|Any CPU.ActiveCfg = Release|Any CPU
		{20446909-AB2C-4498-9D7B-6E783BE385EC}.Release|Any CPU.Build.0 = Release|Any CPU
		{D726433D-1DE0-4D8D-A540-862934E086A7}.Debug|Any CPU.ActiveCfg = Debug|Any CPU
		{D726433D-1DE0-4D8D-A540-862934E086A7}.Debug|Any CPU.Build.0 = Debug|Any CPU
		{D726433D-1DE0-4D8D-A540-862934E086A7}.DebugAirplane|Any CPU.ActiveCfg = Debug|Any CPU
		{D726433D-1DE0-4D8D-A540-862934E086A7}.DebugAirplane|Any CPU.Build.0 = Debug|Any CPU
		{D726433D-1DE0-4D8D-A540-862934E086A7}.DebugNoSecurity|Any CPU.ActiveCfg = Debug|Any CPU
		{D726433D-1DE0-4D8D-A540-862934E086A7}.DebugNoSecurity|Any CPU.Build.0 = Debug|Any CPU
		{D726433D-1DE0-4D8D-A540-862934E086A7}.DebugWithCodeGen|Any CPU.ActiveCfg = Debug|Any CPU
		{D726433D-1DE0-4D8D-A540-862934E086A7}.DebugWithCodeGen|Any CPU.Build.0 = Debug|Any CPU
		{D726433D-1DE0-4D8D-A540-862934E086A7}.Release|Any CPU.ActiveCfg = Release|Any CPU
		{D726433D-1DE0-4D8D-A540-862934E086A7}.Release|Any CPU.Build.0 = Release|Any CPU
		{7AD95BB0-1923-45C1-B5E6-982EBD4AAF0F}.Debug|Any CPU.ActiveCfg = Debug|Any CPU
		{7AD95BB0-1923-45C1-B5E6-982EBD4AAF0F}.Debug|Any CPU.Build.0 = Debug|Any CPU
		{7AD95BB0-1923-45C1-B5E6-982EBD4AAF0F}.DebugAirplane|Any CPU.ActiveCfg = Debug|Any CPU
		{7AD95BB0-1923-45C1-B5E6-982EBD4AAF0F}.DebugAirplane|Any CPU.Build.0 = Debug|Any CPU
		{7AD95BB0-1923-45C1-B5E6-982EBD4AAF0F}.DebugNoSecurity|Any CPU.ActiveCfg = Debug|Any CPU
		{7AD95BB0-1923-45C1-B5E6-982EBD4AAF0F}.DebugNoSecurity|Any CPU.Build.0 = Debug|Any CPU
		{7AD95BB0-1923-45C1-B5E6-982EBD4AAF0F}.DebugWithCodeGen|Any CPU.ActiveCfg = Debug|Any CPU
		{7AD95BB0-1923-45C1-B5E6-982EBD4AAF0F}.DebugWithCodeGen|Any CPU.Build.0 = Debug|Any CPU
		{7AD95BB0-1923-45C1-B5E6-982EBD4AAF0F}.Release|Any CPU.ActiveCfg = Release|Any CPU
		{7AD95BB0-1923-45C1-B5E6-982EBD4AAF0F}.Release|Any CPU.Build.0 = Release|Any CPU
		{18BFBF1F-3974-4196-B369-D05AF31A1125}.Debug|Any CPU.ActiveCfg = Debug|Any CPU
		{18BFBF1F-3974-4196-B369-D05AF31A1125}.Debug|Any CPU.Build.0 = Debug|Any CPU
		{18BFBF1F-3974-4196-B369-D05AF31A1125}.DebugAirplane|Any CPU.ActiveCfg = Debug|Any CPU
		{18BFBF1F-3974-4196-B369-D05AF31A1125}.DebugAirplane|Any CPU.Build.0 = Debug|Any CPU
		{18BFBF1F-3974-4196-B369-D05AF31A1125}.DebugNoSecurity|Any CPU.ActiveCfg = Debug|Any CPU
		{18BFBF1F-3974-4196-B369-D05AF31A1125}.DebugNoSecurity|Any CPU.Build.0 = Debug|Any CPU
		{18BFBF1F-3974-4196-B369-D05AF31A1125}.DebugWithCodeGen|Any CPU.ActiveCfg = Debug|Any CPU
		{18BFBF1F-3974-4196-B369-D05AF31A1125}.DebugWithCodeGen|Any CPU.Build.0 = Debug|Any CPU
		{18BFBF1F-3974-4196-B369-D05AF31A1125}.Release|Any CPU.ActiveCfg = Release|Any CPU
		{18BFBF1F-3974-4196-B369-D05AF31A1125}.Release|Any CPU.Build.0 = Release|Any CPU
		{802EED79-76ED-4D56-90A7-B1AF7CC23037}.Debug|Any CPU.ActiveCfg = Debug|Any CPU
		{802EED79-76ED-4D56-90A7-B1AF7CC23037}.Debug|Any CPU.Build.0 = Debug|Any CPU
		{802EED79-76ED-4D56-90A7-B1AF7CC23037}.DebugAirplane|Any CPU.ActiveCfg = Debug|Any CPU
		{802EED79-76ED-4D56-90A7-B1AF7CC23037}.DebugAirplane|Any CPU.Build.0 = Debug|Any CPU
		{802EED79-76ED-4D56-90A7-B1AF7CC23037}.DebugNoSecurity|Any CPU.ActiveCfg = Debug|Any CPU
		{802EED79-76ED-4D56-90A7-B1AF7CC23037}.DebugNoSecurity|Any CPU.Build.0 = Debug|Any CPU
		{802EED79-76ED-4D56-90A7-B1AF7CC23037}.DebugWithCodeGen|Any CPU.ActiveCfg = Debug|Any CPU
		{802EED79-76ED-4D56-90A7-B1AF7CC23037}.DebugWithCodeGen|Any CPU.Build.0 = Debug|Any CPU
		{802EED79-76ED-4D56-90A7-B1AF7CC23037}.Release|Any CPU.ActiveCfg = Release|Any CPU
		{802EED79-76ED-4D56-90A7-B1AF7CC23037}.Release|Any CPU.Build.0 = Release|Any CPU
		{03719564-8E8E-46D9-8C38-7CC225A5CF09}.Debug|Any CPU.ActiveCfg = Debug|Any CPU
		{03719564-8E8E-46D9-8C38-7CC225A5CF09}.Debug|Any CPU.Build.0 = Debug|Any CPU
		{03719564-8E8E-46D9-8C38-7CC225A5CF09}.DebugAirplane|Any CPU.ActiveCfg = Debug|Any CPU
		{03719564-8E8E-46D9-8C38-7CC225A5CF09}.DebugAirplane|Any CPU.Build.0 = Debug|Any CPU
		{03719564-8E8E-46D9-8C38-7CC225A5CF09}.DebugNoSecurity|Any CPU.ActiveCfg = Debug|Any CPU
		{03719564-8E8E-46D9-8C38-7CC225A5CF09}.DebugNoSecurity|Any CPU.Build.0 = Debug|Any CPU
		{03719564-8E8E-46D9-8C38-7CC225A5CF09}.DebugWithCodeGen|Any CPU.ActiveCfg = Debug|Any CPU
		{03719564-8E8E-46D9-8C38-7CC225A5CF09}.DebugWithCodeGen|Any CPU.Build.0 = Debug|Any CPU
		{03719564-8E8E-46D9-8C38-7CC225A5CF09}.Release|Any CPU.ActiveCfg = Release|Any CPU
		{03719564-8E8E-46D9-8C38-7CC225A5CF09}.Release|Any CPU.Build.0 = Release|Any CPU
		{E7053D41-B679-4CDE-B1C0-347C86AF7F8E}.Debug|Any CPU.ActiveCfg = Debug|Any CPU
		{E7053D41-B679-4CDE-B1C0-347C86AF7F8E}.Debug|Any CPU.Build.0 = Debug|Any CPU
		{E7053D41-B679-4CDE-B1C0-347C86AF7F8E}.DebugAirplane|Any CPU.ActiveCfg = DebugWithCodeGen|Any CPU
		{E7053D41-B679-4CDE-B1C0-347C86AF7F8E}.DebugAirplane|Any CPU.Build.0 = DebugWithCodeGen|Any CPU
		{E7053D41-B679-4CDE-B1C0-347C86AF7F8E}.DebugNoSecurity|Any CPU.ActiveCfg = DebugNoSecurity|Any CPU
		{E7053D41-B679-4CDE-B1C0-347C86AF7F8E}.DebugNoSecurity|Any CPU.Build.0 = DebugNoSecurity|Any CPU
		{E7053D41-B679-4CDE-B1C0-347C86AF7F8E}.DebugWithCodeGen|Any CPU.ActiveCfg = DebugWithCodeGen|Any CPU
		{E7053D41-B679-4CDE-B1C0-347C86AF7F8E}.DebugWithCodeGen|Any CPU.Build.0 = DebugWithCodeGen|Any CPU
		{E7053D41-B679-4CDE-B1C0-347C86AF7F8E}.Release|Any CPU.ActiveCfg = Release|Any CPU
		{E7053D41-B679-4CDE-B1C0-347C86AF7F8E}.Release|Any CPU.Build.0 = Release|Any CPU
	EndGlobalSection
	GlobalSection(SolutionProperties) = preSolution
		HideSolutionNode = FALSE
	EndGlobalSection
	GlobalSection(NestedProjects) = preSolution
		{38D964CD-5543-4A9D-9854-1384086D0DE6} = {E1667E78-8DF7-464D-BF6F-B63E3B34552F}
		{356FE0AB-5FC3-4BBA-97C4-ACD250FF443F} = {E1667E78-8DF7-464D-BF6F-B63E3B34552F}
		{619781F9-FC31-4EF2-A6D7-FCB8B8B64E96} = {1BCAA89F-9416-445B-A183-7BBBE9A1D180}
		{7AB38D4D-DB64-4E8D-9B4F-701FF1DC7EEE} = {E1667E78-8DF7-464D-BF6F-B63E3B34552F}
		{F0E39AC1-9D72-4C16-80B1-CBF6C3DCF133} = {1BCAA89F-9416-445B-A183-7BBBE9A1D180}
		{85B0DF8B-020C-42F0-A1C6-9FD09020B1F9} = {1BCAA89F-9416-445B-A183-7BBBE9A1D180}
		{F6DF4886-31B0-4524-89DD-CDFACBCCCA9E} = {E1667E78-8DF7-464D-BF6F-B63E3B34552F}
		{31DE9A68-510E-4147-9F02-0CD0A71A00AF} = {E1667E78-8DF7-464D-BF6F-B63E3B34552F}
		{433DAD65-CCEF-4A66-9E63-FBA1F1CE597B} = {1BCAA89F-9416-445B-A183-7BBBE9A1D180}
		{46E77018-00D9-4980-A790-8D62F1B516DA} = {E1667E78-8DF7-464D-BF6F-B63E3B34552F}
		{78BE9677-5506-429F-82F4-DD36BE8F539B} = {60CDCCF1-9F30-4838-9130-772EEDE14AD6}
		{AAE62ECC-3740-4838-960B-6D0A49DC8D3C} = {60CDCCF1-9F30-4838-9130-772EEDE14AD6}
		{5E04B572-63D1-45B0-A88E-C0AAC1FDCB23} = {60CDCCF1-9F30-4838-9130-772EEDE14AD6}
		{8AB4BB6D-A544-4A8C-8869-D5B699A24B38} = {E1667E78-8DF7-464D-BF6F-B63E3B34552F}
		{DF9C1346-AA07-4BE0-8E07-6D8DE4338531} = {76DCC4C2-22CC-4D7C-8559-1C67A55DCC59}
		{73C8195F-1588-4703-A656-7047A5498133} = {60CDCCF1-9F30-4838-9130-772EEDE14AD6}
		{B4F35487-6B07-4B39-A8EB-E47934CA5013} = {76DCC4C2-22CC-4D7C-8559-1C67A55DCC59}
		{76DCC4C2-22CC-4D7C-8559-1C67A55DCC59} = {60CDCCF1-9F30-4838-9130-772EEDE14AD6}
		{26D189DD-569E-403C-A447-3E95644C5767} = {60CDCCF1-9F30-4838-9130-772EEDE14AD6}
		{F65BC55F-CD06-40B1-8BC1-ED8C5F655D53} = {E1667E78-8DF7-464D-BF6F-B63E3B34552F}
		{3365A237-ABE3-461C-B762-544DD37D633A} = {76DCC4C2-22CC-4D7C-8559-1C67A55DCC59}
		{BAF70B85-2898-412B-964F-F45130FDF0A1} = {E1667E78-8DF7-464D-BF6F-B63E3B34552F}
		{2E74686C-E2B1-46B0-89AA-910DACB9C976} = {E1667E78-8DF7-464D-BF6F-B63E3B34552F}
		{00B56B18-F3AC-4363-AB0F-D1FD322E09DB} = {1BCAA89F-9416-445B-A183-7BBBE9A1D180}
		{4FC37EEE-A9E5-4738-9C87-344429AD1372} = {1BCAA89F-9416-445B-A183-7BBBE9A1D180}
		{60ABE9E9-9B8D-4FAC-9BE2-01D172A23458} = {76DCC4C2-22CC-4D7C-8559-1C67A55DCC59}
		{53D197BE-1507-4DC7-B9E8-8C9F5AEF376E} = {60CDCCF1-9F30-4838-9130-772EEDE14AD6}
		{F99C871C-2794-4952-8572-EF5F2C96D5F1} = {E1667E78-8DF7-464D-BF6F-B63E3B34552F}
		{C15A81AD-FC38-47E6-AA31-295A317130CD} = {E1667E78-8DF7-464D-BF6F-B63E3B34552F}
		{B8C00EEB-F035-4B70-90E9-F08A05A23886} = {60CDCCF1-9F30-4838-9130-772EEDE14AD6}
		{AC97C8F2-EBE6-4738-8DBA-E0D3EFFECDEB} = {E1667E78-8DF7-464D-BF6F-B63E3B34552F}
		{E334FE18-76FE-4A7B-BBBB-A5C384CBD9B5} = {76DCC4C2-22CC-4D7C-8559-1C67A55DCC59}
		{1BCAA89F-9416-445B-A183-7BBBE9A1D180} = {E1667E78-8DF7-464D-BF6F-B63E3B34552F}
		{5A43F7CB-A50B-4110-8584-4C505B4A2F95} = {E1667E78-8DF7-464D-BF6F-B63E3B34552F}
		{69EC8BE7-4B62-43A4-BD70-B78F385E2C4B} = {E1667E78-8DF7-464D-BF6F-B63E3B34552F}
		{6C7AF2B0-C9F8-4022-861C-9FD7D87F368A} = {1BCAA89F-9416-445B-A183-7BBBE9A1D180}
		{F48D447D-55A6-44EB-8C8C-9FDB4BB07C56} = {E1667E78-8DF7-464D-BF6F-B63E3B34552F}
		{1C9F4F25-6CA3-4146-95C3-5157EE2AF38D} = {1BCAA89F-9416-445B-A183-7BBBE9A1D180}
		{2A04E942-3D6D-4BCB-A2D8-85C1B2BA25E0} = {E1667E78-8DF7-464D-BF6F-B63E3B34552F}
		{1DF8D60D-1ECB-4B03-A5B3-E8AEB8249438} = {E1667E78-8DF7-464D-BF6F-B63E3B34552F}
		{BD418B94-9182-4A9B-B9E2-A655D9FC0DD4} = {1BCAA89F-9416-445B-A183-7BBBE9A1D180}
		{D726433D-1DE0-4D8D-A540-862934E086A7} = {E1667E78-8DF7-464D-BF6F-B63E3B34552F}
		{18BFBF1F-3974-4196-B369-D05AF31A1125} = {60CDCCF1-9F30-4838-9130-772EEDE14AD6}
		{03719564-8E8E-46D9-8C38-7CC225A5CF09} = {60CDCCF1-9F30-4838-9130-772EEDE14AD6}
	EndGlobalSection
	GlobalSection(ExtensibilityGlobals) = postSolution
		SolutionGuid = {894A239B-D311-4A73-B0DA-27B3EFB27D95}
	EndGlobalSection
EndGlobal
