
Microsoft Visual Studio Solution File, Format Version 12.00
# Visual Studio Version 16
VisualStudioVersion = 16.0.31313.79
MinimumVisualStudioVersion = 10.0.40219.1
Project("{FAE04EC0-301F-11D3-BF4B-00C04F79EFBC}") = "Soundbite.CmdLine", "Soundbite.CmdLine.csproj", "{1E51FCD6-8551-4A6A-9269-671BACF04C90}"
EndProject
Global
	GlobalSection(SolutionConfigurationPlatforms) = preSolution
		Debug|Any CPU = Debug|Any CPU
		Release|Any CPU = Release|Any CPU
	EndGlobalSection
	GlobalSection(ProjectConfigurationPlatforms) = postSolution
		{1E51FCD6-8551-4A6A-9269-671BACF04C90}.Debug|Any CPU.ActiveCfg = Debug|Any CPU
		{1E51FCD6-8551-4A6A-9269-671BACF04C90}.Debug|Any CPU.Build.0 = Debug|Any CPU
		{1E51FCD6-8551-4A6A-9269-671BACF04C90}.Release|Any CPU.ActiveCfg = Release|Any CPU
		{1E51FCD6-8551-4A6A-9269-671BACF04C90}.Release|Any CPU.Build.0 = Release|Any CPU
	EndGlobalSection
	GlobalSection(SolutionProperties) = preSolution
		HideSolutionNode = FALSE
	EndGlobalSection
	GlobalSection(ExtensibilityGlobals) = postSolution
		SolutionGuid = {B30A7494-E852-47E6-9CF2-7BD27187A814}
	EndGlobalSection
EndGlobal
